{
    "version": 3,
    "terraform_version": "0.11.8",
    "serial": 7,
    "lineage": "bf9c41ab-3c0d-d9fd-1118-739e9b8edc29",
    "modules": [
        {
            "path": [
                "root"
            ],
            "outputs": {},
            "resources": {},
            "depends_on": []
        },
        {
            "path": [
                "root",
                "bucket"
            ],
            "outputs": {
                "buckets": {
                    "sensitive": false,
                    "type": "list",
                    "value": [
                        {
                            "access_type": "",
                            "compartment_id": "ocid1.compartment.oc1..aaaaaaaaowmx2pehwlgpn3joawbbtlw65v5kwvdlxy3tq4uvkrw7tcrgzk7a",
                            "created_by": "ocid1.user.oc1..aaaaaaaa4opu5liv3jmi7g6yztvbzromv3ad3uweneadx5vr4aqial5iqjla",
                            "defined_tags": {},
                            "etag": "675fdab7-980f-4f1f-aa44-3e3f38167e0b",
                            "freeform_tags": {},
                            "metadata": {},
                            "name": "tf-example-bucket",
                            "namespace": "gse00015177",
                            "storage_tier": "",
                            "time_created": "2018-09-19 20:38:32.3 +0000 UTC"
                        }
                    ]
                }
            },
            "resources": {
                "data.oci_objectstorage_bucket_summaries.buckets1": {
                    "type": "oci_objectstorage_bucket_summaries",
                    "depends_on": [
                        "oci_objectstorage_bucket.bucket1"
                    ],
                    "primary": {
                        "id": "2018-09-20 15:33:11.333684337 +0000 UTC",
                        "attributes": {
                            "bucket_summaries.#": "1",
                            "bucket_summaries.0.access_type": "",
                            "bucket_summaries.0.compartment_id": "ocid1.compartment.oc1..aaaaaaaaowmx2pehwlgpn3joawbbtlw65v5kwvdlxy3tq4uvkrw7tcrgzk7a",
                            "bucket_summaries.0.created_by": "ocid1.user.oc1..aaaaaaaa4opu5liv3jmi7g6yztvbzromv3ad3uweneadx5vr4aqial5iqjla",
                            "bucket_summaries.0.defined_tags.%": "0",
                            "bucket_summaries.0.etag": "675fdab7-980f-4f1f-aa44-3e3f38167e0b",
                            "bucket_summaries.0.freeform_tags.%": "0",
                            "bucket_summaries.0.metadata.%": "0",
                            "bucket_summaries.0.name": "tf-example-bucket",
                            "bucket_summaries.0.namespace": "gse00015177",
                            "bucket_summaries.0.storage_tier": "",
                            "bucket_summaries.0.time_created": "2018-09-19 20:38:32.3 +0000 UTC",
                            "compartment_id": "ocid1.compartment.oc1..aaaaaaaaowmx2pehwlgpn3joawbbtlw65v5kwvdlxy3tq4uvkrw7tcrgzk7a",
                            "filter.#": "1",
                            "filter.689933450.name": "name",
                            "filter.689933450.regex": "false",
                            "filter.689933450.values.#": "1",
                            "filter.689933450.values.0": "tf-example-bucket",
                            "id": "2018-09-20 15:33:11.333684337 +0000 UTC",
                            "namespace": "gse00015177"
                        },
                        "meta": {},
                        "tainted": false
                    },
                    "deposed": [],
                    "provider": "provider.oci"
                },
                "oci_objectstorage_bucket.bucket1": {
                    "type": "oci_objectstorage_bucket",
                    "depends_on": [],
                    "primary": {
                        "id": "gse00015177/tf-example-bucket",
                        "attributes": {
                            "access_type": "NoPublicAccess",
                            "compartment_id": "ocid1.compartment.oc1..aaaaaaaaowmx2pehwlgpn3joawbbtlw65v5kwvdlxy3tq4uvkrw7tcrgzk7a",
                            "created_by": "ocid1.user.oc1..aaaaaaaa4opu5liv3jmi7g6yztvbzromv3ad3uweneadx5vr4aqial5iqjla",
                            "defined_tags.%": "0",
                            "etag": "675fdab7-980f-4f1f-aa44-3e3f38167e0b",
                            "freeform_tags.%": "0",
                            "id": "gse00015177/tf-example-bucket",
                            "metadata.%": "0",
                            "name": "tf-example-bucket",
                            "namespace": "gse00015177",
                            "storage_tier": "Standard",
                            "time_created": "2018-09-19 20:38:32.3 +0000 UTC"
                        },
                        "meta": {
                            "e2bfb730-ecaa-11e6-8f88-34363bc7c4c0": {
                                "create": 900000000000,
                                "delete": 900000000000,
                                "update": 900000000000
                            }
                        },
                        "tainted": false
                    },
                    "deposed": [],
                    "provider": "provider.oci"
                }
            },
            "depends_on": []
        },
        {
            "path": [
                "root",
                "create_image"
            ],
            "outputs": {},
            "resources": {
                "oci_core_image.test_image": {
                    "type": "oci_core_image",
                    "depends_on": [],
                    "primary": {
                        "id": "ocid1.image.oc1.iad.aaaaaaaavctctxo55dgy5ql32rscelrcujxujgkf2l2fofywnt2ydiyyuftq",
                        "attributes": {
                            "base_image_id": "ocid1.image.oc1.iad.aaaaaaaa2tq67tvbeavcmioghquci6p3pvqwbneq3vfy7fe7m7geiga4cnxa",
                            "compartment_id": "ocid1.tenancy.oc1..aaaaaaaabo6ouva4ge2v67b4rp4gwjymdkid4pcparf4zsfr553djfkngt3q",
                            "create_image_allowed": "true",
                            "defined_tags.%": "0",
                            "display_name": "image_9_20_18",
                            "freeform_tags.%": "0",
                            "id": "ocid1.image.oc1.iad.aaaaaaaavctctxo55dgy5ql32rscelrcujxujgkf2l2fofywnt2ydiyyuftq",
                            "instance_id": "ocid1.instance.oc1.iad.abuwcljrllhi2viqaf4hes7gbmittbzer4t6qxuatrrbyf52w4nprr34kc7a",
                            "launch_mode": "NATIVE",
                            "launch_options.#": "1",
                            "launch_options.0.boot_volume_type": "ISCSI",
                            "launch_options.0.firmware": "UEFI_64",
                            "launch_options.0.network_type": "VFIO",
                            "launch_options.0.remote_data_volume_type": "PARAVIRTUALIZED",
                            "operating_system": "Oracle Linux",
                            "operating_system_version": "7.5",
                            "size_in_mbs": "47694",
                            "state": "AVAILABLE",
                            "time_created": "2018-09-20 15:33:14.777 +0000 UTC"
                        },
                        "meta": {
                            "e2bfb730-ecaa-11e6-8f88-34363bc7c4c0": {
                                "create": 7200000000000,
                                "delete": 7200000000000,
                                "update": 7200000000000
                            }
                        },
                        "tainted": false
                    },
                    "deposed": [],
                    "provider": "provider.oci"
                }
            },
            "depends_on": []
        },
        {
            "path": [
                "root",
                "vcn"
            ],
            "outputs": {},
            "resources": {
                "data.oci_identity_availability_domains.ads": {
                    "type": "oci_identity_availability_domains",
                    "depends_on": [],
                    "primary": {
                        "id": "2018-09-20 15:33:11.312157658 +0000 UTC",
                        "attributes": {
                            "availability_domains.#": "3",
                            "availability_domains.0.compartment_id": "ocid1.tenancy.oc1..aaaaaaaabo6ouva4ge2v67b4rp4gwjymdkid4pcparf4zsfr553djfkngt3q",
                            "availability_domains.0.name": "eUvy:US-ASHBURN-AD-1",
                            "availability_domains.1.compartment_id": "ocid1.tenancy.oc1..aaaaaaaabo6ouva4ge2v67b4rp4gwjymdkid4pcparf4zsfr553djfkngt3q",
                            "availability_domains.1.name": "eUvy:US-ASHBURN-AD-2",
                            "availability_domains.2.compartment_id": "ocid1.tenancy.oc1..aaaaaaaabo6ouva4ge2v67b4rp4gwjymdkid4pcparf4zsfr553djfkngt3q",
                            "availability_domains.2.name": "eUvy:US-ASHBURN-AD-3",
                            "compartment_id": "ocid1.tenancy.oc1..aaaaaaaabo6ouva4ge2v67b4rp4gwjymdkid4pcparf4zsfr553djfkngt3q",
                            "id": "2018-09-20 15:33:11.312157658 +0000 UTC"
                        },
                        "meta": {},
                        "tainted": false
                    },
                    "deposed": [],
                    "provider": "provider.oci"
                },
                "oci_core_internet_gateway.ig": {
                    "type": "oci_core_internet_gateway",
                    "depends_on": [
                        "oci_core_virtual_network.vcn"
                    ],
                    "primary": {
                        "id": "ocid1.internetgateway.oc1.iad.aaaaaaaa7eclxd4xcrnkbqradfmmpd4sfdotnqugtdnwgk2g7a7j4gviz5mq",
                        "attributes": {
                            "compartment_id": "ocid1.compartment.oc1..aaaaaaaaowmx2pehwlgpn3joawbbtlw65v5kwvdlxy3tq4uvkrw7tcrgzk7a",
                            "defined_tags.%": "0",
                            "display_name": "test-ig",
                            "enabled": "true",
                            "freeform_tags.%": "0",
                            "id": "ocid1.internetgateway.oc1.iad.aaaaaaaa7eclxd4xcrnkbqradfmmpd4sfdotnqugtdnwgk2g7a7j4gviz5mq",
                            "state": "AVAILABLE",
                            "time_created": "2018-09-19 20:18:26.751 +0000 UTC",
                            "vcn_id": "ocid1.vcn.oc1.iad.aaaaaaaa5ncvvay6xgwq632hszeiwufevzzbnr2urau2snmrthhohi7fwjwa"
                        },
                        "meta": {
                            "e2bfb730-ecaa-11e6-8f88-34363bc7c4c0": {
                                "create": 900000000000,
                                "delete": 900000000000,
                                "update": 900000000000
                            }
                        },
                        "tainted": false
                    },
                    "deposed": [],
                    "provider": "provider.oci"
                },
                "oci_core_route_table.rt": {
                    "type": "oci_core_route_table",
                    "depends_on": [
                        "oci_core_internet_gateway.ig",
                        "oci_core_virtual_network.vcn"
                    ],
                    "primary": {
                        "id": "ocid1.routetable.oc1.iad.aaaaaaaa332aqxyd36tqmi2o4vlwxenayc43nac3hdn6wccsvk6t3upoumiq",
                        "attributes": {
                            "compartment_id": "ocid1.compartment.oc1..aaaaaaaaowmx2pehwlgpn3joawbbtlw65v5kwvdlxy3tq4uvkrw7tcrgzk7a",
                            "defined_tags.%": "0",
                            "display_name": "test-rt",
                            "freeform_tags.%": "0",
                            "id": "ocid1.routetable.oc1.iad.aaaaaaaa332aqxyd36tqmi2o4vlwxenayc43nac3hdn6wccsvk6t3upoumiq",
                            "route_rules.#": "1",
                            "route_rules.2515194974.cidr_block": "0.0.0.0/0",
                            "route_rules.2515194974.destination": "0.0.0.0/0",
                            "route_rules.2515194974.destination_type": "CIDR_BLOCK",
                            "route_rules.2515194974.network_entity_id": "ocid1.internetgateway.oc1.iad.aaaaaaaa7eclxd4xcrnkbqradfmmpd4sfdotnqugtdnwgk2g7a7j4gviz5mq",
                            "state": "AVAILABLE",
                            "time_created": "2018-09-19 20:18:26.917 +0000 UTC",
                            "vcn_id": "ocid1.vcn.oc1.iad.aaaaaaaa5ncvvay6xgwq632hszeiwufevzzbnr2urau2snmrthhohi7fwjwa"
                        },
                        "meta": {
                            "e2bfb730-ecaa-11e6-8f88-34363bc7c4c0": {
                                "create": 900000000000,
                                "delete": 900000000000,
                                "update": 900000000000
                            }
                        },
                        "tainted": false
                    },
                    "deposed": [],
                    "provider": "provider.oci"
                },
                "oci_core_security_list.host-security_list": {
                    "type": "oci_core_security_list",
                    "depends_on": [
                        "oci_core_virtual_network.vcn"
                    ],
                    "primary": {
                        "id": "ocid1.securitylist.oc1.iad.aaaaaaaadjlf45n7ttkyvakyursclejshrhtmic2fhzad4eqrsg6ejw3cwrq",
                        "attributes": {
                            "compartment_id": "ocid1.compartment.oc1..aaaaaaaaowmx2pehwlgpn3joawbbtlw65v5kwvdlxy3tq4uvkrw7tcrgzk7a",
                            "defined_tags.%": "0",
                            "display_name": "mgmt-security-list",
                            "egress_security_rules.#": "1",
                            "egress_security_rules.1420396200.destination": "0.0.0.0/0",
                            "egress_security_rules.1420396200.destination_type": "CIDR_BLOCK",
                            "egress_security_rules.1420396200.icmp_options.#": "0",
                            "egress_security_rules.1420396200.protocol": "6",
                            "egress_security_rules.1420396200.stateless": "false",
                            "egress_security_rules.1420396200.tcp_options.#": "0",
                            "egress_security_rules.1420396200.udp_options.#": "0",
                            "freeform_tags.%": "0",
                            "id": "ocid1.securitylist.oc1.iad.aaaaaaaadjlf45n7ttkyvakyursclejshrhtmic2fhzad4eqrsg6ejw3cwrq",
                            "ingress_security_rules.#": "8",
                            "ingress_security_rules.111986802.icmp_options.#": "0",
                            "ingress_security_rules.111986802.protocol": "6",
                            "ingress_security_rules.111986802.source": "0.0.0.0/0",
                            "ingress_security_rules.111986802.source_type": "CIDR_BLOCK",
                            "ingress_security_rules.111986802.stateless": "false",
                            "ingress_security_rules.111986802.tcp_options.#": "1",
                            "ingress_security_rules.111986802.tcp_options.0.max": "1521",
                            "ingress_security_rules.111986802.tcp_options.0.min": "1521",
                            "ingress_security_rules.111986802.tcp_options.0.source_port_range.#": "0",
                            "ingress_security_rules.111986802.udp_options.#": "0",
                            "ingress_security_rules.1709695539.icmp_options.#": "1",
                            "ingress_security_rules.1709695539.icmp_options.0.code": "4",
                            "ingress_security_rules.1709695539.icmp_options.0.type": "3",
                            "ingress_security_rules.1709695539.protocol": "1",
                            "ingress_security_rules.1709695539.source": "0.0.0.0/0",
                            "ingress_security_rules.1709695539.source_type": "CIDR_BLOCK",
                            "ingress_security_rules.1709695539.stateless": "true",
                            "ingress_security_rules.1709695539.tcp_options.#": "0",
                            "ingress_security_rules.1709695539.udp_options.#": "0",
                            "ingress_security_rules.1949162834.icmp_options.#": "0",
                            "ingress_security_rules.1949162834.protocol": "6",
                            "ingress_security_rules.1949162834.source": "0.0.0.0/0",
                            "ingress_security_rules.1949162834.source_type": "CIDR_BLOCK",
                            "ingress_security_rules.1949162834.stateless": "false",
                            "ingress_security_rules.1949162834.tcp_options.#": "1",
                            "ingress_security_rules.1949162834.tcp_options.0.max": "8000",
                            "ingress_security_rules.1949162834.tcp_options.0.min": "8000",
                            "ingress_security_rules.1949162834.tcp_options.0.source_port_range.#": "0",
                            "ingress_security_rules.1949162834.udp_options.#": "0",
                            "ingress_security_rules.2986978097.icmp_options.#": "0",
                            "ingress_security_rules.2986978097.protocol": "6",
                            "ingress_security_rules.2986978097.source": "0.0.0.0/0",
                            "ingress_security_rules.2986978097.source_type": "CIDR_BLOCK",
                            "ingress_security_rules.2986978097.stateless": "false",
                            "ingress_security_rules.2986978097.tcp_options.#": "1",
                            "ingress_security_rules.2986978097.tcp_options.0.max": "443",
                            "ingress_security_rules.2986978097.tcp_options.0.min": "443",
                            "ingress_security_rules.2986978097.tcp_options.0.source_port_range.#": "0",
                            "ingress_security_rules.2986978097.udp_options.#": "0",
                            "ingress_security_rules.3861548008.icmp_options.#": "0",
                            "ingress_security_rules.3861548008.protocol": "6",
                            "ingress_security_rules.3861548008.source": "0.0.0.0/0",
                            "ingress_security_rules.3861548008.source_type": "CIDR_BLOCK",
                            "ingress_security_rules.3861548008.stateless": "false",
                            "ingress_security_rules.3861548008.tcp_options.#": "1",
                            "ingress_security_rules.3861548008.tcp_options.0.max": "80",
                            "ingress_security_rules.3861548008.tcp_options.0.min": "80",
                            "ingress_security_rules.3861548008.tcp_options.0.source_port_range.#": "0",
                            "ingress_security_rules.3861548008.udp_options.#": "0",
                            "ingress_security_rules.394547575.icmp_options.#": "0",
                            "ingress_security_rules.394547575.protocol": "6",
                            "ingress_security_rules.394547575.source": "0.0.0.0/0",
                            "ingress_security_rules.394547575.source_type": "CIDR_BLOCK",
                            "ingress_security_rules.394547575.stateless": "false",
                            "ingress_security_rules.394547575.tcp_options.#": "1",
                            "ingress_security_rules.394547575.tcp_options.0.max": "5901",
                            "ingress_security_rules.394547575.tcp_options.0.min": "5901",
                            "ingress_security_rules.394547575.tcp_options.0.source_port_range.#": "0",
                            "ingress_security_rules.394547575.udp_options.#": "0",
                            "ingress_security_rules.4212987828.icmp_options.#": "0",
                            "ingress_security_rules.4212987828.protocol": "6",
                            "ingress_security_rules.4212987828.source": "0.0.0.0/0",
                            "ingress_security_rules.4212987828.source_type": "CIDR_BLOCK",
                            "ingress_security_rules.4212987828.stateless": "false",
                            "ingress_security_rules.4212987828.tcp_options.#": "1",
                            "ingress_security_rules.4212987828.tcp_options.0.max": "3000",
                            "ingress_security_rules.4212987828.tcp_options.0.min": "3000",
                            "ingress_security_rules.4212987828.tcp_options.0.source_port_range.#": "0",
                            "ingress_security_rules.4212987828.udp_options.#": "0",
                            "ingress_security_rules.47193274.icmp_options.#": "0",
                            "ingress_security_rules.47193274.protocol": "6",
                            "ingress_security_rules.47193274.source": "0.0.0.0/0",
                            "ingress_security_rules.47193274.source_type": "CIDR_BLOCK",
                            "ingress_security_rules.47193274.stateless": "false",
                            "ingress_security_rules.47193274.tcp_options.#": "1",
                            "ingress_security_rules.47193274.tcp_options.0.max": "22",
                            "ingress_security_rules.47193274.tcp_options.0.min": "22",
                            "ingress_security_rules.47193274.tcp_options.0.source_port_range.#": "0",
                            "ingress_security_rules.47193274.udp_options.#": "0",
                            "state": "AVAILABLE",
                            "time_created": "2018-09-19 20:18:26.775 +0000 UTC",
                            "vcn_id": "ocid1.vcn.oc1.iad.aaaaaaaa5ncvvay6xgwq632hszeiwufevzzbnr2urau2snmrthhohi7fwjwa"
                        },
                        "meta": {
                            "e2bfb730-ecaa-11e6-8f88-34363bc7c4c0": {
                                "create": 900000000000,
                                "delete": 900000000000,
                                "update": 900000000000
                            }
                        },
                        "tainted": false
                    },
                    "deposed": [],
                    "provider": "provider.oci"
                },
                "oci_core_subnet.subnet": {
                    "type": "oci_core_subnet",
                    "depends_on": [
                        "data.oci_identity_availability_domains.ads",
                        "oci_core_route_table.rt",
                        "oci_core_security_list.host-security_list",
                        "oci_core_virtual_network.vcn"
                    ],
                    "primary": {
                        "id": "ocid1.subnet.oc1.iad.aaaaaaaa2tmxjg62cpvxdgc47gydpiuk3ufv7l27nuf2ns7p2jnzirree32q",
                        "attributes": {
                            "availability_domain": "eUvy:US-ASHBURN-AD-1",
                            "cidr_block": "10.0.0.0/24",
                            "compartment_id": "ocid1.compartment.oc1..aaaaaaaaowmx2pehwlgpn3joawbbtlw65v5kwvdlxy3tq4uvkrw7tcrgzk7a",
                            "defined_tags.%": "0",
                            "dhcp_options_id": "ocid1.dhcpoptions.oc1.iad.aaaaaaaa3or5humrwcsca6ulesjofxc4ppmmc6iohvlk7jupngwcv2w5rrga",
                            "display_name": "subnet",
                            "dns_label": "hostsubnet",
                            "freeform_tags.%": "0",
                            "id": "ocid1.subnet.oc1.iad.aaaaaaaa2tmxjg62cpvxdgc47gydpiuk3ufv7l27nuf2ns7p2jnzirree32q",
                            "prohibit_public_ip_on_vnic": "false",
                            "route_table_id": "ocid1.routetable.oc1.iad.aaaaaaaa332aqxyd36tqmi2o4vlwxenayc43nac3hdn6wccsvk6t3upoumiq",
                            "security_list_ids.#": "1",
                            "security_list_ids.4113987999": "ocid1.securitylist.oc1.iad.aaaaaaaadjlf45n7ttkyvakyursclejshrhtmic2fhzad4eqrsg6ejw3cwrq",
                            "state": "AVAILABLE",
                            "subnet_domain_name": "hostsubnet.vcn.oraclevcn.com",
                            "time_created": "2018-09-19 20:18:27.153 +0000 UTC",
                            "vcn_id": "ocid1.vcn.oc1.iad.aaaaaaaa5ncvvay6xgwq632hszeiwufevzzbnr2urau2snmrthhohi7fwjwa",
                            "virtual_router_ip": "10.0.0.1",
                            "virtual_router_mac": "00:00:17:1F:49:52"
                        },
                        "meta": {
                            "e2bfb730-ecaa-11e6-8f88-34363bc7c4c0": {
                                "create": 900000000000,
                                "delete": 900000000000,
                                "update": 900000000000
                            }
                        },
                        "tainted": false
                    },
                    "deposed": [],
                    "provider": "provider.oci"
                },
                "oci_core_virtual_network.vcn": {
                    "type": "oci_core_virtual_network",
                    "depends_on": [],
                    "primary": {
                        "id": "ocid1.vcn.oc1.iad.aaaaaaaa5ncvvay6xgwq632hszeiwufevzzbnr2urau2snmrthhohi7fwjwa",
                        "attributes": {
                            "cidr_block": "10.0.0.0/16",
                            "compartment_id": "ocid1.compartment.oc1..aaaaaaaaowmx2pehwlgpn3joawbbtlw65v5kwvdlxy3tq4uvkrw7tcrgzk7a",
                            "default_dhcp_options_id": "ocid1.dhcpoptions.oc1.iad.aaaaaaaa3or5humrwcsca6ulesjofxc4ppmmc6iohvlk7jupngwcv2w5rrga",
                            "default_route_table_id": "ocid1.routetable.oc1.iad.aaaaaaaaoguazyaqcvcwmqychb6zquknb2i4ddxpdjf76s4ihoo3xwow5gpa",
                            "default_security_list_id": "ocid1.securitylist.oc1.iad.aaaaaaaazixpumoqoao2fibnrbwzvp35e2fawzgl5i36t4jxd37p2guvqgpq",
                            "defined_tags.%": "0",
                            "display_name": "vcn",
                            "dns_label": "vcn",
                            "freeform_tags.%": "0",
                            "id": "ocid1.vcn.oc1.iad.aaaaaaaa5ncvvay6xgwq632hszeiwufevzzbnr2urau2snmrthhohi7fwjwa",
                            "state": "AVAILABLE",
                            "time_created": "2018-09-19 20:18:26.293 +0000 UTC",
                            "vcn_domain_name": "vcn.oraclevcn.com"
                        },
                        "meta": {
                            "e2bfb730-ecaa-11e6-8f88-34363bc7c4c0": {
                                "create": 900000000000,
                                "delete": 900000000000,
                                "update": 900000000000
                            }
                        },
                        "tainted": false
                    },
                    "deposed": [],
                    "provider": "provider.oci"
                }
            },
            "depends_on": []
        }
    ]
}
