{
  "version": 4,
  "terraform_version": "0.12.24",
  "serial": 351,
  "lineage": "f39f75f6-9cc7-5a37-964e-7e3b7f21b9a3",
  "outputs": {},
  "resources": [
    {
      "mode": "data",
      "type": "oci_core_app_catalog_listing_resource_versions",
      "name": "test_app_catalog_listing_resource_versions",
      "provider": "provider.oci",
      "instances": [
        {
          "schema_version": 0,
          "attributes": {
            "app_catalog_listing_resource_versions": [
              {
                "accessible_ports": [],
                "allowed_actions": [],
                "available_regions": [],
                "compatible_shapes": [],
                "listing_id": "ocid1.appcataloglisting.oc1..aaaaaaaaomtqysmgjg3xwctbyr32pc5p4cxsvpvozfsxqhpp7lbmmppcsuta",
                "listing_resource_id": "ocid1.image.oc1..aaaaaaaasgilwzaltgbuef46qsuyvuxzxpd7x33rgawfivortuhld457mqjq",
                "listing_resource_version": "3.0.1",
                "time_published": "2020-01-08 08:50:19.681 +0000 UTC"
              }
            ],
            "filter": null,
            "id": "2020-04-13 02:05:09.52254 +0000 UTC",
            "listing_id": "ocid1.appcataloglisting.oc1..aaaaaaaaomtqysmgjg3xwctbyr32pc5p4cxsvpvozfsxqhpp7lbmmppcsuta"
          }
        }
      ]
    },
    {
      "mode": "data",
      "type": "oci_core_app_catalog_listings",
      "name": "test_app_catalog_listings",
      "provider": "provider.oci",
      "instances": [
        {
          "schema_version": 0,
          "attributes": {
            "app_catalog_listings": [
              {
                "contact_url": "",
                "description": "",
                "display_name": "Oracle Enterprise Data Quality on Tomcat",
                "listing_id": "ocid1.appcataloglisting.oc1..aaaaaaaaomtqysmgjg3xwctbyr32pc5p4cxsvpvozfsxqhpp7lbmmppcsuta",
                "publisher_logo_url": "",
                "publisher_name": "Oracle Enterprise Data Quality on Tomcat",
                "summary": "A full instance of EDQ, Oracle's data quality management software",
                "time_published": ""
              }
            ],
            "display_name": null,
            "filter": [
              {
                "name": "display_name",
                "regex": false,
                "values": [
                  "Oracle Enterprise Data Quality on Tomcat"
                ]
              }
            ],
            "id": "2020-04-13 02:05:09.354823 +0000 UTC",
            "publisher_name": null,
            "publisher_type": null
          }
        }
      ]
    },
    {
      "mode": "data",
      "type": "oci_core_app_catalog_subscriptions",
      "name": "test_app_catalog_subscriptions",
      "provider": "provider.oci",
      "instances": [
        {
          "schema_version": 0,
          "attributes": {
            "app_catalog_subscriptions": [
              {
                "compartment_id": "ocid1.compartment.oc1..aaaaaaaa3sxzhrrj4dwnh6nlv2x576gzz6ovmppozpgandponnqbu7obsjwa",
                "display_name": "Oracle Enterprise Data Quality on Tomcat",
                "eula_link": "",
                "listing_id": "ocid1.appcataloglisting.oc1..aaaaaaaaomtqysmgjg3xwctbyr32pc5p4cxsvpvozfsxqhpp7lbmmppcsuta",
                "listing_resource_id": "ocid1.image.oc1..aaaaaaaasgilwzaltgbuef46qsuyvuxzxpd7x33rgawfivortuhld457mqjq",
                "listing_resource_version": "3.0.1",
                "oracle_terms_of_use_link": "",
                "publisher_name": "",
                "signature": "",
                "summary": "A full instance of EDQ, Oracle's data quality management software",
                "time_created": "2020-04-13 01:00:11.344 +0000 UTC",
                "time_retrieved": ""
              }
            ],
            "compartment_id": "ocid1.compartment.oc1..aaaaaaaa3sxzhrrj4dwnh6nlv2x576gzz6ovmppozpgandponnqbu7obsjwa",
            "filter": [
              {
                "name": "listing_resource_version",
                "regex": false,
                "values": [
                  "3.0.1"
                ]
              }
            ],
            "id": "2020-04-13 02:05:10.16455 +0000 UTC",
            "listing_id": "ocid1.appcataloglisting.oc1..aaaaaaaaomtqysmgjg3xwctbyr32pc5p4cxsvpvozfsxqhpp7lbmmppcsuta"
          }
        }
      ]
    },
    {
      "module": "module.vcn",
      "mode": "data",
      "type": "oci_core_services",
      "name": "oci_services",
      "provider": "provider.oci",
      "instances": [
        {
          "schema_version": 0,
          "attributes": {
            "filter": null,
            "id": "2020-04-13 02:05:08.25959 +0000 UTC",
            "services": [
              {
                "cidr_block": "oci-iad-objectstorage",
                "description": "OCI IAD Object Storage",
                "id": "ocid1.service.oc1.iad.aaaaaaaa74z6sqsezqf6znyomdp5jkvfwb4j2ol33abgosvnhxcqphyl3eaq",
                "name": "OCI IAD Object Storage"
              },
              {
                "cidr_block": "all-iad-services-in-oracle-services-network",
                "description": "All IAD Services In Oracle Services Network",
                "id": "ocid1.service.oc1.iad.aaaaaaaam4zfmy2rjue6fmglumm3czgisxzrnvrwqeodtztg7hwa272mlfna",
                "name": "All IAD Services In Oracle Services Network"
              }
            ]
          }
        }
      ]
    },
    {
      "module": "module.file_storage_prod",
      "mode": "data",
      "type": "oci_identity_availability_domains",
      "name": "ads",
      "provider": "provider.oci",
      "instances": [
        {
          "schema_version": 0,
          "attributes": {
            "availability_domains": [
              {
                "compartment_id": "ocid1.tenancy.oc1..aaaaaaaa5v6kqa37sa7pebgogux7r4kdbccr2fajict27k2qxm4el3jtaheq",
                "id": "ocid1.availabilitydomain.oc1..aaaaaaaatrwxaogr7dl4yschqtrmqrdv6uzis3mgbnomiagqrfhcb7mxsfdq",
                "name": "HOKa:US-ASHBURN-AD-1"
              },
              {
                "compartment_id": "ocid1.tenancy.oc1..aaaaaaaa5v6kqa37sa7pebgogux7r4kdbccr2fajict27k2qxm4el3jtaheq",
                "id": "ocid1.availabilitydomain.oc1..aaaaaaaauvt2n7pijol7uqgdnnsoojcukrijtmcltvfwxazmitk235wyohta",
                "name": "HOKa:US-ASHBURN-AD-2"
              },
              {
                "compartment_id": "ocid1.tenancy.oc1..aaaaaaaa5v6kqa37sa7pebgogux7r4kdbccr2fajict27k2qxm4el3jtaheq",
                "id": "ocid1.availabilitydomain.oc1..aaaaaaaaztunlny6ae4yw2vghp5go2zceaonwp6wiioe3tnh2vlaxjjl2n3a",
                "name": "HOKa:US-ASHBURN-AD-3"
              }
            ],
            "compartment_id": "ocid1.tenancy.oc1..aaaaaaaa5v6kqa37sa7pebgogux7r4kdbccr2fajict27k2qxm4el3jtaheq",
            "filter": null,
            "id": "2020-04-13 02:05:08.394093 +0000 UTC"
          }
        }
      ]
    },
    {
      "module": "module.edq_prod",
      "mode": "data",
      "type": "oci_identity_availability_domains",
      "name": "ads",
      "provider": "provider.oci",
      "instances": [
        {
          "schema_version": 0,
          "attributes": {
            "availability_domains": [
              {
                "compartment_id": "ocid1.tenancy.oc1..aaaaaaaa5v6kqa37sa7pebgogux7r4kdbccr2fajict27k2qxm4el3jtaheq",
                "id": "ocid1.availabilitydomain.oc1..aaaaaaaatrwxaogr7dl4yschqtrmqrdv6uzis3mgbnomiagqrfhcb7mxsfdq",
                "name": "HOKa:US-ASHBURN-AD-1"
              },
              {
                "compartment_id": "ocid1.tenancy.oc1..aaaaaaaa5v6kqa37sa7pebgogux7r4kdbccr2fajict27k2qxm4el3jtaheq",
                "id": "ocid1.availabilitydomain.oc1..aaaaaaaauvt2n7pijol7uqgdnnsoojcukrijtmcltvfwxazmitk235wyohta",
                "name": "HOKa:US-ASHBURN-AD-2"
              },
              {
                "compartment_id": "ocid1.tenancy.oc1..aaaaaaaa5v6kqa37sa7pebgogux7r4kdbccr2fajict27k2qxm4el3jtaheq",
                "id": "ocid1.availabilitydomain.oc1..aaaaaaaaztunlny6ae4yw2vghp5go2zceaonwp6wiioe3tnh2vlaxjjl2n3a",
                "name": "HOKa:US-ASHBURN-AD-3"
              }
            ],
            "compartment_id": "ocid1.tenancy.oc1..aaaaaaaa5v6kqa37sa7pebgogux7r4kdbccr2fajict27k2qxm4el3jtaheq",
            "filter": null,
            "id": "2020-04-13 02:05:08.21551 +0000 UTC"
          }
        }
      ]
    },
    {
      "module": "module.bastion_prod",
      "mode": "data",
      "type": "oci_identity_availability_domains",
      "name": "ads",
      "provider": "provider.oci",
      "instances": [
        {
          "schema_version": 0,
          "attributes": {
            "availability_domains": [
              {
                "compartment_id": "ocid1.tenancy.oc1..aaaaaaaa5v6kqa37sa7pebgogux7r4kdbccr2fajict27k2qxm4el3jtaheq",
                "id": "ocid1.availabilitydomain.oc1..aaaaaaaatrwxaogr7dl4yschqtrmqrdv6uzis3mgbnomiagqrfhcb7mxsfdq",
                "name": "HOKa:US-ASHBURN-AD-1"
              },
              {
                "compartment_id": "ocid1.tenancy.oc1..aaaaaaaa5v6kqa37sa7pebgogux7r4kdbccr2fajict27k2qxm4el3jtaheq",
                "id": "ocid1.availabilitydomain.oc1..aaaaaaaauvt2n7pijol7uqgdnnsoojcukrijtmcltvfwxazmitk235wyohta",
                "name": "HOKa:US-ASHBURN-AD-2"
              },
              {
                "compartment_id": "ocid1.tenancy.oc1..aaaaaaaa5v6kqa37sa7pebgogux7r4kdbccr2fajict27k2qxm4el3jtaheq",
                "id": "ocid1.availabilitydomain.oc1..aaaaaaaaztunlny6ae4yw2vghp5go2zceaonwp6wiioe3tnh2vlaxjjl2n3a",
                "name": "HOKa:US-ASHBURN-AD-3"
              }
            ],
            "compartment_id": "ocid1.tenancy.oc1..aaaaaaaa5v6kqa37sa7pebgogux7r4kdbccr2fajict27k2qxm4el3jtaheq",
            "filter": null,
            "id": "2020-04-13 02:05:08.215419 +0000 UTC"
          }
        }
      ]
    },
    {
      "module": "module.object_storage_prod",
      "mode": "data",
      "type": "oci_objectstorage_namespace",
      "name": "TFnamespace",
      "provider": "provider.oci",
      "instances": [
        {
          "schema_version": 0,
          "attributes": {
            "compartment_id": "ocid1.compartment.oc1..aaaaaaaaxrrlmrzawl3yuv33qlr4ffoom6hyq6fjlaa7jgzu7wh5uklctmga",
            "id": "2020-04-13 02:05:08.879454 +0000 UTC",
            "namespace": "iddj5iyoec25"
          }
        }
      ]
    },
    {
      "mode": "managed",
      "type": "oci_core_app_catalog_listing_resource_version_agreement",
      "name": "test_app_catalog_listing_resource_version_agreement",
      "provider": "provider.oci",
      "instances": [
        {
          "schema_version": 0,
          "attributes": {
            "eula_link": "",
            "id": "2020-04-13 01:00:11.152 +0000 UTC",
            "listing_id": "ocid1.appcataloglisting.oc1..aaaaaaaaomtqysmgjg3xwctbyr32pc5p4cxsvpvozfsxqhpp7lbmmppcsuta",
            "listing_resource_version": "3.0.1",
            "oracle_terms_of_use_link": "https://objectstorage.us-ashburn-1.oraclecloud.com/n/partnerimagecatalog/b/eulas/o/oracle-apps-terms-of-use.txt",
            "signature": "5b603703487dd46d295f95676ffe328072517cd336d6350e15184771fc1814af",
            "time_retrieved": "2020-04-13T01:00:11.152Z",
            "timeouts": null
          },
          "private": "eyJlMmJmYjczMC1lY2FhLTExZTYtOGY4OC0zNDM2M2JjN2M0YzAiOnsiY3JlYXRlIjo5MDAwMDAwMDAwMDAsImRlbGV0ZSI6OTAwMDAwMDAwMDAwLCJ1cGRhdGUiOjkwMDAwMDAwMDAwMH19"
        }
      ]
    },
    {
      "mode": "managed",
      "type": "oci_core_app_catalog_subscription",
      "name": "test_app_catalog_subscription",
      "provider": "provider.oci",
      "instances": [
        {
          "schema_version": 0,
          "attributes": {
            "compartment_id": "ocid1.compartment.oc1..aaaaaaaa3sxzhrrj4dwnh6nlv2x576gzz6ovmppozpgandponnqbu7obsjwa",
            "display_name": "Oracle Enterprise Data Quality on Tomcat",
            "eula_link": "",
            "id": "compartmentId/ocid1.compartment.oc1..aaaaaaaa3sxzhrrj4dwnh6nlv2x576gzz6ovmppozpgandponnqbu7obsjwa/listingId/ocid1.appcataloglisting.oc1..aaaaaaaaomtqysmgjg3xwctbyr32pc5p4cxsvpvozfsxqhpp7lbmmppcsuta/listingResourceVersion/3.0.1",
            "listing_id": "ocid1.appcataloglisting.oc1..aaaaaaaaomtqysmgjg3xwctbyr32pc5p4cxsvpvozfsxqhpp7lbmmppcsuta",
            "listing_resource_id": "ocid1.image.oc1..aaaaaaaasgilwzaltgbuef46qsuyvuxzxpd7x33rgawfivortuhld457mqjq",
            "listing_resource_version": "3.0.1",
            "oracle_terms_of_use_link": "https://objectstorage.us-ashburn-1.oraclecloud.com/n/partnerimagecatalog/b/eulas/o/oracle-apps-terms-of-use.txt",
            "publisher_name": null,
            "signature": "5b603703487dd46d295f95676ffe328072517cd336d6350e15184771fc1814af",
            "summary": "A full instance of EDQ, Oracle's data quality management software",
            "time_created": "2020-04-13 01:00:11.344 +0000 UTC",
            "time_retrieved": "2020-04-13T01:00:11.152Z",
            "timeouts": {
              "create": "20m",
              "delete": null,
              "update": null
            }
          },
          "private": "eyJlMmJmYjczMC1lY2FhLTExZTYtOGY4OC0zNDM2M2JjN2M0YzAiOnsiY3JlYXRlIjoxMjAwMDAwMDAwMDAwLCJkZWxldGUiOjkwMDAwMDAwMDAwMCwidXBkYXRlIjo5MDAwMDAwMDAwMDB9fQ==",
          "dependencies": [
            "oci_core_app_catalog_listing_resource_version_agreement.test_app_catalog_listing_resource_version_agreement"
          ]
        }
      ]
    },
    {
      "module": "module.edq_prod",
      "mode": "managed",
      "type": "oci_core_instance",
      "name": "TFInstance",
      "provider": "provider.oci",
      "instances": [
        {
          "schema_version": 0,
          "attributes": {
            "agent_config": [
              {
                "is_management_disabled": false,
                "is_monitoring_disabled": false
              }
            ],
            "availability_domain": "HOKa:US-ASHBURN-AD-2",
            "boot_volume_id": "ocid1.bootvolume.oc1.iad.abuwcljrpxsbnimeijhqguuorakkbddqk3vgtesfm76wwlq4sv2nye4ajifq",
            "compartment_id": "ocid1.compartment.oc1..aaaaaaaaxrrlmrzawl3yuv33qlr4ffoom6hyq6fjlaa7jgzu7wh5uklctmga",
            "create_vnic_details": [
              {
                "assign_public_ip": "true",
                "defined_tags": {
                  "Oracle-Tags.CreatedBy": "oracleidentitycloudservice/rocio.salguero@oracle.com",
                  "Oracle-Tags.CreatedOn": "2020-04-13T01:00:17.220Z"
                },
                "display_name": "Prod EDQ",
                "freeform_tags": {},
                "hostname_label": "",
                "nsg_ids": [],
                "private_ip": "10.0.0.2",
                "skip_source_dest_check": false,
                "subnet_id": "ocid1.subnet.oc1.iad.aaaaaaaar33o3izmggiti2exbjsuj3z6ddygtoadtov2pvheyfusm2ym55oa"
              }
            ],
            "dedicated_vm_host_id": null,
            "defined_tags": {
              "Oracle-Tags.CreatedBy": "oracleidentitycloudservice/rocio.salguero@oracle.com",
              "Oracle-Tags.CreatedOn": "2020-04-13T01:00:16.857Z"
            },
            "display_name": "Prod EDQ",
            "extended_metadata": {},
            "fault_domain": "FAULT-DOMAIN-2",
            "freeform_tags": {},
            "hostname_label": "",
            "id": "ocid1.instance.oc1.iad.anuwcljrls5dbnyc3wdsjlgzbvxidefid373eftndbtgbdt2klxtf2w2uloa",
            "image": "ocid1.image.oc1..aaaaaaaasgilwzaltgbuef46qsuyvuxzxpd7x33rgawfivortuhld457mqjq",
            "ipxe_script": null,
            "is_pv_encryption_in_transit_enabled": null,
            "launch_mode": "NATIVE",
            "launch_options": [
              {
                "boot_volume_type": "PARAVIRTUALIZED",
                "firmware": "UEFI_64",
                "is_consistent_volume_naming_enabled": true,
                "is_pv_encryption_in_transit_enabled": false,
                "network_type": "PARAVIRTUALIZED",
                "remote_data_volume_type": "PARAVIRTUALIZED"
              }
            ],
            "metadata": {
              "ssh_authorized_keys": "ssh-rsa AAAAB3NzaC1yc2EAAAADAQABAAABAQD4MpPoUNPVgpJP0NUGvbSOFNUmuKnDoC8zRnhF6tXy2J9KPdaKCybam0jZyqojOTC1zUpbVP2XBD9qQQeuScM90/QFtw2tEJJgJ/BK99T6601GClrR2pcnXLWgGYw2u5WvgrUXGv57VK6aH+pveT/GnL8BNmvU1hUhM5GksYdqVubLC48BEzJ9VNX38UiFulDSB0dcG4LPC7kd2ls/RYeBVUJnBB/eGK63c/ZGKDGA9aLHXy3R7luMc1Tai8w21Z2hKtsLgNy19PExyeOSsD1wnzMokbBFtMyiOl3lOquRL4QQehrOvXQDmzPOoeX7Ttd9V+2RZDcdiyE6/oCSwe3R"
            },
            "preserve_boot_volume": null,
            "private_ip": "10.0.0.2",
            "public_ip": "150.136.118.118",
            "region": "iad",
            "shape": "VM.Standard2.2",
            "source_details": [
              {
                "boot_volume_size_in_gbs": "50",
                "kms_key_id": "",
                "source_id": "ocid1.image.oc1..aaaaaaaasgilwzaltgbuef46qsuyvuxzxpd7x33rgawfivortuhld457mqjq",
                "source_type": "image"
              }
            ],
            "state": "RUNNING",
            "subnet_id": "ocid1.subnet.oc1.iad.aaaaaaaar33o3izmggiti2exbjsuj3z6ddygtoadtov2pvheyfusm2ym55oa",
            "system_tags": {},
            "time_created": "2020-04-13 01:00:18.582 +0000 UTC",
            "time_maintenance_reboot_due": "",
            "timeouts": null
          },
          "private": "eyJlMmJmYjczMC1lY2FhLTExZTYtOGY4OC0zNDM2M2JjN2M0YzAiOnsiY3JlYXRlIjo3MjAwMDAwMDAwMDAwLCJkZWxldGUiOjcyMDAwMDAwMDAwMDAsInVwZGF0ZSI6NzIwMDAwMDAwMDAwMH19",
          "dependencies": [
            "module.prod_compartment.oci_identity_compartment.TFcompartment",
            "module.prod_subnets.oci_core_security_list.public_security_list",
            "module.prod_subnets.oci_core_subnet.subnet_public",
            "module.vcn.oci_core_internet_gateway.internet_gateway",
            "module.vcn.oci_core_route_table.rt_public",
            "module.vcn.oci_core_vcn.vcn",
            "oci_core_app_catalog_listing_resource_version_agreement.test_app_catalog_listing_resource_version_agreement",
            "oci_core_app_catalog_subscription.test_app_catalog_subscription"
          ]
        }
      ]
    },
    {
      "module": "module.bastion_prod",
      "mode": "managed",
      "type": "oci_core_instance",
      "name": "TFInstance",
      "provider": "provider.oci",
      "instances": [
        {
          "schema_version": 0,
          "attributes": {
            "agent_config": [
              {
                "is_management_disabled": false,
                "is_monitoring_disabled": false
              }
            ],
            "availability_domain": "HOKa:US-ASHBURN-AD-2",
            "boot_volume_id": "ocid1.bootvolume.oc1.iad.abuwcljrkfjgdns64vtcbnp2pyegcshjm2o56lbrutqgqchl5lzut6zjcx2q",
            "compartment_id": "ocid1.compartment.oc1..aaaaaaaaxrrlmrzawl3yuv33qlr4ffoom6hyq6fjlaa7jgzu7wh5uklctmga",
            "create_vnic_details": [
              {
                "assign_public_ip": "true",
                "defined_tags": {
                  "Oracle-Tags.CreatedBy": "oracleidentitycloudservice/rocio.salguero@oracle.com",
                  "Oracle-Tags.CreatedOn": "2020-04-13T02:05:14.224Z"
                },
                "display_name": "Prod Bastion",
                "freeform_tags": {},
                "hostname_label": "",
                "nsg_ids": null,
                "private_ip": "10.0.0.4",
                "skip_source_dest_check": false,
                "subnet_id": "ocid1.subnet.oc1.iad.aaaaaaaar33o3izmggiti2exbjsuj3z6ddygtoadtov2pvheyfusm2ym55oa"
              }
            ],
            "dedicated_vm_host_id": null,
            "defined_tags": {
              "Oracle-Tags.CreatedBy": "oracleidentitycloudservice/rocio.salguero@oracle.com",
              "Oracle-Tags.CreatedOn": "2020-04-13T02:05:13.856Z"
            },
            "display_name": "Prod Bastion",
            "extended_metadata": null,
            "fault_domain": "FAULT-DOMAIN-1",
            "freeform_tags": {},
            "hostname_label": "",
            "id": "ocid1.instance.oc1.iad.anuwcljrls5dbnycuggqvbwldwqtzt57jeqqeuit3w3lxsyvlj3ury62sxuq",
            "image": "ocid1.image.oc1.iad.aaaaaaaa5bendugawh7ver3akaxd3ods5k4fnszp3casvho5kyu3bet7oigq",
            "ipxe_script": null,
            "is_pv_encryption_in_transit_enabled": null,
            "launch_mode": "NATIVE",
            "launch_options": [
              {
                "boot_volume_type": "PARAVIRTUALIZED",
                "firmware": "UEFI_64",
                "is_consistent_volume_naming_enabled": true,
                "is_pv_encryption_in_transit_enabled": false,
                "network_type": "PARAVIRTUALIZED",
                "remote_data_volume_type": "PARAVIRTUALIZED"
              }
            ],
            "metadata": {
              "ssh_authorized_keys": "ssh-rsa AAAAB3NzaC1yc2EAAAADAQABAAABAQD4MpPoUNPVgpJP0NUGvbSOFNUmuKnDoC8zRnhF6tXy2J9KPdaKCybam0jZyqojOTC1zUpbVP2XBD9qQQeuScM90/QFtw2tEJJgJ/BK99T6601GClrR2pcnXLWgGYw2u5WvgrUXGv57VK6aH+pveT/GnL8BNmvU1hUhM5GksYdqVubLC48BEzJ9VNX38UiFulDSB0dcG4LPC7kd2ls/RYeBVUJnBB/eGK63c/ZGKDGA9aLHXy3R7luMc1Tai8w21Z2hKtsLgNy19PExyeOSsD1wnzMokbBFtMyiOl3lOquRL4QQehrOvXQDmzPOoeX7Ttd9V+2RZDcdiyE6/oCSwe3R"
            },
            "preserve_boot_volume": null,
            "private_ip": "10.0.0.4",
            "public_ip": "129.213.19.0",
            "region": "iad",
            "shape": "VM.Standard2.2",
            "source_details": [
              {
                "boot_volume_size_in_gbs": "50",
                "kms_key_id": "",
                "source_id": "ocid1.image.oc1.iad.aaaaaaaa5bendugawh7ver3akaxd3ods5k4fnszp3casvho5kyu3bet7oigq",
                "source_type": "image"
              }
            ],
            "state": "RUNNING",
            "subnet_id": "ocid1.subnet.oc1.iad.aaaaaaaar33o3izmggiti2exbjsuj3z6ddygtoadtov2pvheyfusm2ym55oa",
            "system_tags": {},
            "time_created": "2020-04-13 02:05:14.875 +0000 UTC",
            "time_maintenance_reboot_due": "",
            "timeouts": null
          },
          "private": "eyJlMmJmYjczMC1lY2FhLTExZTYtOGY4OC0zNDM2M2JjN2M0YzAiOnsiY3JlYXRlIjo3MjAwMDAwMDAwMDAwLCJkZWxldGUiOjcyMDAwMDAwMDAwMDAsInVwZGF0ZSI6NzIwMDAwMDAwMDAwMH19",
          "dependencies": [
            "module.prod_compartment.oci_identity_compartment.TFcompartment",
            "module.prod_subnets.oci_core_subnet.subnet_public"
          ]
        }
      ]
    },
    {
      "module": "module.vcn",
      "mode": "managed",
      "type": "oci_core_internet_gateway",
      "name": "internet_gateway",
      "provider": "provider.oci",
      "instances": [
        {
          "schema_version": 0,
          "attributes": {
            "compartment_id": "ocid1.compartment.oc1..aaaaaaaaxrrlmrzawl3yuv33qlr4ffoom6hyq6fjlaa7jgzu7wh5uklctmga",
            "defined_tags": {
              "Oracle-Tags.CreatedBy": "oracleidentitycloudservice/rocio.salguero@oracle.com",
              "Oracle-Tags.CreatedOn": "2020-04-13T01:00:15.009Z"
            },
            "display_name": "main-ig",
            "enabled": true,
            "freeform_tags": {},
            "id": "ocid1.internetgateway.oc1.iad.aaaaaaaaloxqvr4o2l5h4otnbfveovggulgv6e4obtdabuzpwx24qrzjpxqq",
            "state": "AVAILABLE",
            "time_created": "2020-04-13 01:00:15.022 +0000 UTC",
            "timeouts": null,
            "vcn_id": "ocid1.vcn.oc1.iad.amaaaaaals5dbnyaibdgnux5r5wy5oikrjrkd2gihjnj3oewvom4efzm4icq"
          },
          "private": "eyJlMmJmYjczMC1lY2FhLTExZTYtOGY4OC0zNDM2M2JjN2M0YzAiOnsiY3JlYXRlIjo5MDAwMDAwMDAwMDAsImRlbGV0ZSI6OTAwMDAwMDAwMDAwLCJ1cGRhdGUiOjkwMDAwMDAwMDAwMH19",
          "dependencies": [
            "module.prod_compartment.oci_identity_compartment.TFcompartment",
            "module.vcn.oci_core_vcn.vcn"
          ]
        }
      ]
    },
    {
      "module": "module.vcn",
      "mode": "managed",
      "type": "oci_core_nat_gateway",
      "name": "nat_gateway",
      "provider": "provider.oci",
      "instances": [
        {
          "schema_version": 0,
          "attributes": {
            "block_traffic": false,
            "compartment_id": "ocid1.compartment.oc1..aaaaaaaaxrrlmrzawl3yuv33qlr4ffoom6hyq6fjlaa7jgzu7wh5uklctmga",
            "defined_tags": {
              "Oracle-Tags.CreatedBy": "oracleidentitycloudservice/rocio.salguero@oracle.com",
              "Oracle-Tags.CreatedOn": "2020-04-13T01:00:15.292Z"
            },
            "display_name": "main-nat",
            "freeform_tags": {},
            "id": "ocid1.natgateway.oc1.iad.aaaaaaaa3cdxancm4jbifq7lcgite3zlpzkoaduz23dlqu2dvmlw7nncaeza",
            "nat_ip": "150.136.188.155",
            "state": "AVAILABLE",
            "time_created": "2020-04-13 01:00:15.448 +0000 UTC",
            "timeouts": null,
            "vcn_id": "ocid1.vcn.oc1.iad.amaaaaaals5dbnyaibdgnux5r5wy5oikrjrkd2gihjnj3oewvom4efzm4icq"
          },
          "private": "eyJlMmJmYjczMC1lY2FhLTExZTYtOGY4OC0zNDM2M2JjN2M0YzAiOnsiY3JlYXRlIjo5MDAwMDAwMDAwMDAsImRlbGV0ZSI6OTAwMDAwMDAwMDAwLCJ1cGRhdGUiOjkwMDAwMDAwMDAwMH19",
          "dependencies": [
            "module.prod_compartment.oci_identity_compartment.TFcompartment",
            "module.vcn.oci_core_vcn.vcn"
          ]
        }
      ]
    },
    {
      "module": "module.vcn",
      "mode": "managed",
      "type": "oci_core_route_table",
      "name": "rt_private",
      "provider": "provider.oci",
      "instances": [
        {
          "schema_version": 0,
          "attributes": {
            "compartment_id": "ocid1.compartment.oc1..aaaaaaaaxrrlmrzawl3yuv33qlr4ffoom6hyq6fjlaa7jgzu7wh5uklctmga",
            "defined_tags": {
              "Oracle-Tags.CreatedBy": "oracleidentitycloudservice/rocio.salguero@oracle.com",
              "Oracle-Tags.CreatedOn": "2020-04-13T01:00:18.529Z"
            },
            "display_name": "main-rt-private",
            "freeform_tags": {},
            "id": "ocid1.routetable.oc1.iad.aaaaaaaac7gagiyzngy4pagqb3e4iwrzjwaipmebzr4fuz7sdkmkpscryt7a",
            "route_rules": [
              {
                "cidr_block": "",
                "description": "",
                "destination": "0.0.0.0/0",
                "destination_type": "CIDR_BLOCK",
                "network_entity_id": "ocid1.natgateway.oc1.iad.aaaaaaaa3cdxancm4jbifq7lcgite3zlpzkoaduz23dlqu2dvmlw7nncaeza"
              },
              {
                "cidr_block": "",
                "description": "",
                "destination": "all-iad-services-in-oracle-services-network",
                "destination_type": "SERVICE_CIDR_BLOCK",
                "network_entity_id": "ocid1.servicegateway.oc1.iad.aaaaaaaaf5ubea6cowq4dke6uj3avkwcnaorlwrqnvwvc6z42cbwtyavs37a"
              }
            ],
            "state": "AVAILABLE",
            "time_created": "2020-04-13 01:00:18.553 +0000 UTC",
            "timeouts": null,
            "vcn_id": "ocid1.vcn.oc1.iad.amaaaaaals5dbnyaibdgnux5r5wy5oikrjrkd2gihjnj3oewvom4efzm4icq"
          },
          "private": "eyJlMmJmYjczMC1lY2FhLTExZTYtOGY4OC0zNDM2M2JjN2M0YzAiOnsiY3JlYXRlIjo5MDAwMDAwMDAwMDAsImRlbGV0ZSI6OTAwMDAwMDAwMDAwLCJ1cGRhdGUiOjkwMDAwMDAwMDAwMH19",
          "dependencies": [
            "module.prod_compartment.oci_identity_compartment.TFcompartment",
            "module.vcn.oci_core_nat_gateway.nat_gateway",
            "module.vcn.oci_core_service_gateway.service_gateway",
            "module.vcn.oci_core_vcn.vcn"
          ]
        }
      ]
    },
    {
      "module": "module.vcn",
      "mode": "managed",
      "type": "oci_core_route_table",
      "name": "rt_public",
      "provider": "provider.oci",
      "instances": [
        {
          "schema_version": 0,
          "attributes": {
            "compartment_id": "ocid1.compartment.oc1..aaaaaaaaxrrlmrzawl3yuv33qlr4ffoom6hyq6fjlaa7jgzu7wh5uklctmga",
            "defined_tags": {
              "Oracle-Tags.CreatedBy": "oracleidentitycloudservice/rocio.salguero@oracle.com",
              "Oracle-Tags.CreatedOn": "2020-04-13T01:00:15.510Z"
            },
            "display_name": "main-rt-public",
            "freeform_tags": {},
            "id": "ocid1.routetable.oc1.iad.aaaaaaaaq3szxdq7tc7ij6mwen7d6y77alfvvhounlxr36ivu2reaoze7yiq",
            "route_rules": [
              {
                "cidr_block": "",
                "description": "",
                "destination": "0.0.0.0/0",
                "destination_type": "CIDR_BLOCK",
                "network_entity_id": "ocid1.internetgateway.oc1.iad.aaaaaaaaloxqvr4o2l5h4otnbfveovggulgv6e4obtdabuzpwx24qrzjpxqq"
              }
            ],
            "state": "AVAILABLE",
            "time_created": "2020-04-13 01:00:15.529 +0000 UTC",
            "timeouts": null,
            "vcn_id": "ocid1.vcn.oc1.iad.amaaaaaals5dbnyaibdgnux5r5wy5oikrjrkd2gihjnj3oewvom4efzm4icq"
          },
          "private": "eyJlMmJmYjczMC1lY2FhLTExZTYtOGY4OC0zNDM2M2JjN2M0YzAiOnsiY3JlYXRlIjo5MDAwMDAwMDAwMDAsImRlbGV0ZSI6OTAwMDAwMDAwMDAwLCJ1cGRhdGUiOjkwMDAwMDAwMDAwMH19",
          "dependencies": [
            "module.prod_compartment.oci_identity_compartment.TFcompartment",
            "module.vcn.oci_core_internet_gateway.internet_gateway",
            "module.vcn.oci_core_vcn.vcn"
          ]
        }
      ]
    },
    {
      "module": "module.nonprod_subnets",
      "mode": "managed",
      "type": "oci_core_security_list",
      "name": "private_security_list",
      "provider": "provider.oci",
      "instances": [
        {
          "schema_version": 0,
          "attributes": {
            "compartment_id": "ocid1.compartment.oc1..aaaaaaaaghioquc5xxmd7e5qdw2gxxypxzrhhg7m3cejtawpgx5hbre3upka",
            "defined_tags": {
              "Oracle-Tags.CreatedBy": "oracleidentitycloudservice/rocio.salguero@oracle.com",
              "Oracle-Tags.CreatedOn": "2020-04-13T01:00:15.267Z"
            },
            "display_name": "dev-seclist-private",
            "egress_security_rules": [
              {
                "description": "",
                "destination": "0.0.0.0/0",
                "destination_type": "CIDR_BLOCK",
                "icmp_options": [],
                "protocol": "all",
                "stateless": false,
                "tcp_options": [],
                "udp_options": []
              }
            ],
            "freeform_tags": {},
            "id": "ocid1.securitylist.oc1.iad.aaaaaaaauxmaw5kzs33zlf54atolnkfnkixn7m3z7umaauuo4vakvmzyc27a",
            "ingress_security_rules": [
              {
                "description": "",
                "icmp_options": [
                  {
                    "code": -1,
                    "type": 0
                  }
                ],
                "protocol": "1",
                "source": "0.0.0.0/0",
                "source_type": "CIDR_BLOCK",
                "stateless": true,
                "tcp_options": [],
                "udp_options": []
              },
              {
                "description": "",
                "icmp_options": [
                  {
                    "code": -1,
                    "type": 8
                  }
                ],
                "protocol": "1",
                "source": "0.0.0.0/0",
                "source_type": "CIDR_BLOCK",
                "stateless": true,
                "tcp_options": [],
                "udp_options": []
              },
              {
                "description": "",
                "icmp_options": [
                  {
                    "code": 4,
                    "type": 3
                  }
                ],
                "protocol": "1",
                "source": "0.0.0.0/0",
                "source_type": "CIDR_BLOCK",
                "stateless": true,
                "tcp_options": [],
                "udp_options": []
              },
              {
                "description": "",
                "icmp_options": [],
                "protocol": "6",
                "source": "10.0.0.0/16",
                "source_type": "CIDR_BLOCK",
                "stateless": false,
                "tcp_options": [
                  {
                    "max": 1521,
                    "min": 1521,
                    "source_port_range": []
                  }
                ],
                "udp_options": []
              },
              {
                "description": "",
                "icmp_options": [],
                "protocol": "6",
                "source": "10.0.0.0/16",
                "source_type": "CIDR_BLOCK",
                "stateless": false,
                "tcp_options": [
                  {
                    "max": 22,
                    "min": 22,
                    "source_port_range": []
                  }
                ],
                "udp_options": []
              }
            ],
            "state": "AVAILABLE",
            "time_created": "2020-04-13 01:00:15.285 +0000 UTC",
            "timeouts": null,
            "vcn_id": "ocid1.vcn.oc1.iad.amaaaaaals5dbnyaibdgnux5r5wy5oikrjrkd2gihjnj3oewvom4efzm4icq"
          },
          "private": "eyJlMmJmYjczMC1lY2FhLTExZTYtOGY4OC0zNDM2M2JjN2M0YzAiOnsiY3JlYXRlIjo5MDAwMDAwMDAwMDAsImRlbGV0ZSI6OTAwMDAwMDAwMDAwLCJ1cGRhdGUiOjkwMDAwMDAwMDAwMH19",
          "dependencies": [
            "module.nonprod_compartment.oci_identity_compartment.TFcompartment",
            "module.prod_compartment.oci_identity_compartment.TFcompartment",
            "module.vcn.oci_core_vcn.vcn"
          ]
        }
      ]
    },
    {
      "module": "module.prod_subnets",
      "mode": "managed",
      "type": "oci_core_security_list",
      "name": "private_security_list",
      "provider": "provider.oci",
      "instances": [
        {
          "schema_version": 0,
          "attributes": {
            "compartment_id": "ocid1.compartment.oc1..aaaaaaaaxrrlmrzawl3yuv33qlr4ffoom6hyq6fjlaa7jgzu7wh5uklctmga",
            "defined_tags": {
              "Oracle-Tags.CreatedBy": "oracleidentitycloudservice/rocio.salguero@oracle.com",
              "Oracle-Tags.CreatedOn": "2020-04-13T01:00:15.437Z"
            },
            "display_name": "prod-seclist-private",
            "egress_security_rules": [
              {
                "description": "",
                "destination": "0.0.0.0/0",
                "destination_type": "CIDR_BLOCK",
                "icmp_options": [],
                "protocol": "all",
                "stateless": false,
                "tcp_options": [],
                "udp_options": []
              }
            ],
            "freeform_tags": {},
            "id": "ocid1.securitylist.oc1.iad.aaaaaaaaz6wch6ojlqphlnbuxmsi47b4ynwnn4m7itfe552bpspnsmikceia",
            "ingress_security_rules": [
              {
                "description": "",
                "icmp_options": [
                  {
                    "code": -1,
                    "type": 0
                  }
                ],
                "protocol": "1",
                "source": "0.0.0.0/0",
                "source_type": "CIDR_BLOCK",
                "stateless": true,
                "tcp_options": [],
                "udp_options": []
              },
              {
                "description": "",
                "icmp_options": [
                  {
                    "code": -1,
                    "type": 8
                  }
                ],
                "protocol": "1",
                "source": "0.0.0.0/0",
                "source_type": "CIDR_BLOCK",
                "stateless": true,
                "tcp_options": [],
                "udp_options": []
              },
              {
                "description": "",
                "icmp_options": [
                  {
                    "code": 4,
                    "type": 3
                  }
                ],
                "protocol": "1",
                "source": "0.0.0.0/0",
                "source_type": "CIDR_BLOCK",
                "stateless": true,
                "tcp_options": [],
                "udp_options": []
              },
              {
                "description": "",
                "icmp_options": [],
                "protocol": "6",
                "source": "10.0.0.0/16",
                "source_type": "CIDR_BLOCK",
                "stateless": false,
                "tcp_options": [
                  {
                    "max": 1521,
                    "min": 1521,
                    "source_port_range": []
                  }
                ],
                "udp_options": []
              },
              {
                "description": "",
                "icmp_options": [],
                "protocol": "6",
                "source": "10.0.0.0/16",
                "source_type": "CIDR_BLOCK",
                "stateless": false,
                "tcp_options": [
                  {
                    "max": 22,
                    "min": 22,
                    "source_port_range": []
                  }
                ],
                "udp_options": []
              }
            ],
            "state": "AVAILABLE",
            "time_created": "2020-04-13 01:00:15.756 +0000 UTC",
            "timeouts": null,
            "vcn_id": "ocid1.vcn.oc1.iad.amaaaaaals5dbnyaibdgnux5r5wy5oikrjrkd2gihjnj3oewvom4efzm4icq"
          },
          "private": "eyJlMmJmYjczMC1lY2FhLTExZTYtOGY4OC0zNDM2M2JjN2M0YzAiOnsiY3JlYXRlIjo5MDAwMDAwMDAwMDAsImRlbGV0ZSI6OTAwMDAwMDAwMDAwLCJ1cGRhdGUiOjkwMDAwMDAwMDAwMH19",
          "dependencies": [
            "module.prod_compartment.oci_identity_compartment.TFcompartment",
            "module.vcn.oci_core_vcn.vcn"
          ]
        }
      ]
    },
    {
      "module": "module.nonprod_subnets",
      "mode": "managed",
      "type": "oci_core_security_list",
      "name": "public_security_list",
      "provider": "provider.oci",
      "instances": [
        {
          "schema_version": 0,
          "attributes": {
            "compartment_id": "ocid1.compartment.oc1..aaaaaaaaghioquc5xxmd7e5qdw2gxxypxzrhhg7m3cejtawpgx5hbre3upka",
            "defined_tags": {
              "Oracle-Tags.CreatedBy": "oracleidentitycloudservice/rocio.salguero@oracle.com",
              "Oracle-Tags.CreatedOn": "2020-04-13T01:00:15.282Z"
            },
            "display_name": "dev-seclist-public",
            "egress_security_rules": [
              {
                "description": "",
                "destination": "0.0.0.0/0",
                "destination_type": "CIDR_BLOCK",
                "icmp_options": [],
                "protocol": "all",
                "stateless": false,
                "tcp_options": [],
                "udp_options": []
              }
            ],
            "freeform_tags": {},
            "id": "ocid1.securitylist.oc1.iad.aaaaaaaawtc6j35j3nwnsilb4rltygwizolqsovzgroirnf7ztlu35vzwwzq",
            "ingress_security_rules": [
              {
                "description": "",
                "icmp_options": [
                  {
                    "code": -1,
                    "type": 0
                  }
                ],
                "protocol": "1",
                "source": "0.0.0.0/0",
                "source_type": "CIDR_BLOCK",
                "stateless": true,
                "tcp_options": [],
                "udp_options": []
              },
              {
                "description": "",
                "icmp_options": [
                  {
                    "code": -1,
                    "type": 8
                  }
                ],
                "protocol": "1",
                "source": "0.0.0.0/0",
                "source_type": "CIDR_BLOCK",
                "stateless": true,
                "tcp_options": [],
                "udp_options": []
              },
              {
                "description": "",
                "icmp_options": [
                  {
                    "code": 4,
                    "type": 3
                  }
                ],
                "protocol": "1",
                "source": "0.0.0.0/0",
                "source_type": "CIDR_BLOCK",
                "stateless": true,
                "tcp_options": [],
                "udp_options": []
              },
              {
                "description": "",
                "icmp_options": [],
                "protocol": "6",
                "source": "0.0.0.0/0",
                "source_type": "CIDR_BLOCK",
                "stateless": false,
                "tcp_options": [
                  {
                    "max": 2222,
                    "min": 2222,
                    "source_port_range": []
                  }
                ],
                "udp_options": []
              },
              {
                "description": "",
                "icmp_options": [],
                "protocol": "6",
                "source": "0.0.0.0/0",
                "source_type": "CIDR_BLOCK",
                "stateless": false,
                "tcp_options": [
                  {
                    "max": 22,
                    "min": 22,
                    "source_port_range": []
                  }
                ],
                "udp_options": []
              },
              {
                "description": "",
                "icmp_options": [],
                "protocol": "6",
                "source": "0.0.0.0/0",
                "source_type": "CIDR_BLOCK",
                "stateless": false,
                "tcp_options": [
                  {
                    "max": 443,
                    "min": 443,
                    "source_port_range": []
                  }
                ],
                "udp_options": []
              },
              {
                "description": "",
                "icmp_options": [],
                "protocol": "6",
                "source": "0.0.0.0/0",
                "source_type": "CIDR_BLOCK",
                "stateless": false,
                "tcp_options": [
                  {
                    "max": 8090,
                    "min": 8090,
                    "source_port_range": []
                  }
                ],
                "udp_options": []
              },
              {
                "description": "",
                "icmp_options": [],
                "protocol": "6",
                "source": "0.0.0.0/0",
                "source_type": "CIDR_BLOCK",
                "stateless": false,
                "tcp_options": [
                  {
                    "max": 80,
                    "min": 80,
                    "source_port_range": []
                  }
                ],
                "udp_options": []
              }
            ],
            "state": "AVAILABLE",
            "time_created": "2020-04-13 01:00:15.291 +0000 UTC",
            "timeouts": null,
            "vcn_id": "ocid1.vcn.oc1.iad.amaaaaaals5dbnyaibdgnux5r5wy5oikrjrkd2gihjnj3oewvom4efzm4icq"
          },
          "private": "eyJlMmJmYjczMC1lY2FhLTExZTYtOGY4OC0zNDM2M2JjN2M0YzAiOnsiY3JlYXRlIjo5MDAwMDAwMDAwMDAsImRlbGV0ZSI6OTAwMDAwMDAwMDAwLCJ1cGRhdGUiOjkwMDAwMDAwMDAwMH19",
          "dependencies": [
            "module.nonprod_compartment.oci_identity_compartment.TFcompartment",
            "module.prod_compartment.oci_identity_compartment.TFcompartment",
            "module.vcn.oci_core_vcn.vcn"
          ]
        }
      ]
    },
    {
      "module": "module.prod_subnets",
      "mode": "managed",
      "type": "oci_core_security_list",
      "name": "public_security_list",
      "provider": "provider.oci",
      "instances": [
        {
          "schema_version": 0,
          "attributes": {
            "compartment_id": "ocid1.compartment.oc1..aaaaaaaaxrrlmrzawl3yuv33qlr4ffoom6hyq6fjlaa7jgzu7wh5uklctmga",
            "defined_tags": {
              "Oracle-Tags.CreatedBy": "oracleidentitycloudservice/rocio.salguero@oracle.com",
              "Oracle-Tags.CreatedOn": "2020-04-13T01:00:15.285Z"
            },
            "display_name": "prod-seclist-public",
            "egress_security_rules": [
              {
                "description": "",
                "destination": "0.0.0.0/0",
                "destination_type": "CIDR_BLOCK",
                "icmp_options": [],
                "protocol": "all",
                "stateless": false,
                "tcp_options": [],
                "udp_options": []
              }
            ],
            "freeform_tags": {},
            "id": "ocid1.securitylist.oc1.iad.aaaaaaaazteieony3w2cjscjgyhlmwgsju4yqrurdipndiwssabnddz2mnmq",
            "ingress_security_rules": [
              {
                "description": "",
                "icmp_options": [
                  {
                    "code": -1,
                    "type": 0
                  }
                ],
                "protocol": "1",
                "source": "0.0.0.0/0",
                "source_type": "CIDR_BLOCK",
                "stateless": true,
                "tcp_options": [],
                "udp_options": []
              },
              {
                "description": "",
                "icmp_options": [
                  {
                    "code": -1,
                    "type": 8
                  }
                ],
                "protocol": "1",
                "source": "0.0.0.0/0",
                "source_type": "CIDR_BLOCK",
                "stateless": true,
                "tcp_options": [],
                "udp_options": []
              },
              {
                "description": "",
                "icmp_options": [
                  {
                    "code": 4,
                    "type": 3
                  }
                ],
                "protocol": "1",
                "source": "0.0.0.0/0",
                "source_type": "CIDR_BLOCK",
                "stateless": true,
                "tcp_options": [],
                "udp_options": []
              },
              {
                "description": "",
                "icmp_options": [],
                "protocol": "6",
                "source": "0.0.0.0/0",
                "source_type": "CIDR_BLOCK",
                "stateless": false,
                "tcp_options": [
                  {
                    "max": 2222,
                    "min": 2222,
                    "source_port_range": []
                  }
                ],
                "udp_options": []
              },
              {
                "description": "",
                "icmp_options": [],
                "protocol": "6",
                "source": "0.0.0.0/0",
                "source_type": "CIDR_BLOCK",
                "stateless": false,
                "tcp_options": [
                  {
                    "max": 22,
                    "min": 22,
                    "source_port_range": []
                  }
                ],
                "udp_options": []
              },
              {
                "description": "",
                "icmp_options": [],
                "protocol": "6",
                "source": "0.0.0.0/0",
                "source_type": "CIDR_BLOCK",
                "stateless": false,
                "tcp_options": [
                  {
                    "max": 443,
                    "min": 443,
                    "source_port_range": []
                  }
                ],
                "udp_options": []
              },
              {
                "description": "",
                "icmp_options": [],
                "protocol": "6",
                "source": "0.0.0.0/0",
                "source_type": "CIDR_BLOCK",
                "stateless": false,
                "tcp_options": [
                  {
                    "max": 8090,
                    "min": 8090,
                    "source_port_range": []
                  }
                ],
                "udp_options": []
              },
              {
                "description": "",
                "icmp_options": [],
                "protocol": "6",
                "source": "0.0.0.0/0",
                "source_type": "CIDR_BLOCK",
                "stateless": false,
                "tcp_options": [
                  {
                    "max": 80,
                    "min": 80,
                    "source_port_range": []
                  }
                ],
                "udp_options": []
              }
            ],
            "state": "AVAILABLE",
            "time_created": "2020-04-13 01:00:15.37 +0000 UTC",
            "timeouts": null,
            "vcn_id": "ocid1.vcn.oc1.iad.amaaaaaals5dbnyaibdgnux5r5wy5oikrjrkd2gihjnj3oewvom4efzm4icq"
          },
          "private": "eyJlMmJmYjczMC1lY2FhLTExZTYtOGY4OC0zNDM2M2JjN2M0YzAiOnsiY3JlYXRlIjo5MDAwMDAwMDAwMDAsImRlbGV0ZSI6OTAwMDAwMDAwMDAwLCJ1cGRhdGUiOjkwMDAwMDAwMDAwMH19",
          "dependencies": [
            "module.prod_compartment.oci_identity_compartment.TFcompartment",
            "module.vcn.oci_core_vcn.vcn"
          ]
        }
      ]
    },
    {
      "module": "module.vcn",
      "mode": "managed",
      "type": "oci_core_service_gateway",
      "name": "service_gateway",
      "provider": "provider.oci",
      "instances": [
        {
          "schema_version": 0,
          "attributes": {
            "block_traffic": false,
            "compartment_id": "ocid1.compartment.oc1..aaaaaaaaxrrlmrzawl3yuv33qlr4ffoom6hyq6fjlaa7jgzu7wh5uklctmga",
            "defined_tags": {
              "Oracle-Tags.CreatedBy": "oracleidentitycloudservice/rocio.salguero@oracle.com",
              "Oracle-Tags.CreatedOn": "2020-04-13T01:00:15.282Z"
            },
            "display_name": "main-sg",
            "freeform_tags": {},
            "id": "ocid1.servicegateway.oc1.iad.aaaaaaaaf5ubea6cowq4dke6uj3avkwcnaorlwrqnvwvc6z42cbwtyavs37a",
            "route_table_id": null,
            "services": [
              {
                "service_id": "ocid1.service.oc1.iad.aaaaaaaam4zfmy2rjue6fmglumm3czgisxzrnvrwqeodtztg7hwa272mlfna",
                "service_name": "All IAD Services In Oracle Services Network"
              }
            ],
            "state": "AVAILABLE",
            "time_created": "2020-04-13 01:00:15.865 +0000 UTC",
            "timeouts": null,
            "vcn_id": "ocid1.vcn.oc1.iad.amaaaaaals5dbnyaibdgnux5r5wy5oikrjrkd2gihjnj3oewvom4efzm4icq"
          },
          "private": "eyJlMmJmYjczMC1lY2FhLTExZTYtOGY4OC0zNDM2M2JjN2M0YzAiOnsiY3JlYXRlIjo5MDAwMDAwMDAwMDAsImRlbGV0ZSI6OTAwMDAwMDAwMDAwLCJ1cGRhdGUiOjkwMDAwMDAwMDAwMH19",
          "dependencies": [
            "module.prod_compartment.oci_identity_compartment.TFcompartment",
            "module.vcn.oci_core_vcn.vcn"
          ]
        }
      ]
    },
    {
      "module": "module.nonprod_subnets",
      "mode": "managed",
      "type": "oci_core_subnet",
      "name": "subnet_database",
      "provider": "provider.oci",
      "instances": [
        {
          "schema_version": 0,
          "attributes": {
            "availability_domain": null,
            "cidr_block": "10.0.5.0/24",
            "compartment_id": "ocid1.compartment.oc1..aaaaaaaaghioquc5xxmd7e5qdw2gxxypxzrhhg7m3cejtawpgx5hbre3upka",
            "defined_tags": {
              "Oracle-Tags.CreatedBy": "oracleidentitycloudservice/rocio.salguero@oracle.com",
              "Oracle-Tags.CreatedOn": "2020-04-13T01:00:18.963Z"
            },
            "dhcp_options_id": "ocid1.dhcpoptions.oc1.iad.aaaaaaaa6aogvuh5xm2l6augrle3azpuikbb4bjskwfqvlgutbl6momavaya",
            "display_name": "dev-subnet-database",
            "dns_label": null,
            "freeform_tags": {},
            "id": "ocid1.subnet.oc1.iad.aaaaaaaavvr5rshxomu7o23peo5tagreprydwcfz36tuc5kdxhzcb6ektlbq",
            "ipv6cidr_block": null,
            "ipv6public_cidr_block": null,
            "ipv6virtual_router_ip": null,
            "prohibit_public_ip_on_vnic": false,
            "route_table_id": "ocid1.routetable.oc1.iad.aaaaaaaac7gagiyzngy4pagqb3e4iwrzjwaipmebzr4fuz7sdkmkpscryt7a",
            "security_list_ids": [
              "ocid1.securitylist.oc1.iad.aaaaaaaauxmaw5kzs33zlf54atolnkfnkixn7m3z7umaauuo4vakvmzyc27a"
            ],
            "state": "AVAILABLE",
            "subnet_domain_name": null,
            "time_created": "2020-04-13 01:00:18.994 +0000 UTC",
            "timeouts": null,
            "vcn_id": "ocid1.vcn.oc1.iad.amaaaaaals5dbnyaibdgnux5r5wy5oikrjrkd2gihjnj3oewvom4efzm4icq",
            "virtual_router_ip": "10.0.5.1",
            "virtual_router_mac": "00:00:17:B1:C5:98"
          },
          "private": "eyJlMmJmYjczMC1lY2FhLTExZTYtOGY4OC0zNDM2M2JjN2M0YzAiOnsiY3JlYXRlIjo5MDAwMDAwMDAwMDAsImRlbGV0ZSI6OTAwMDAwMDAwMDAwLCJ1cGRhdGUiOjkwMDAwMDAwMDAwMH19",
          "dependencies": [
            "module.nonprod_compartment.oci_identity_compartment.TFcompartment",
            "module.nonprod_subnets.oci_core_security_list.private_security_list",
            "module.prod_compartment.oci_identity_compartment.TFcompartment",
            "module.vcn.oci_core_nat_gateway.nat_gateway",
            "module.vcn.oci_core_route_table.rt_private",
            "module.vcn.oci_core_service_gateway.service_gateway",
            "module.vcn.oci_core_vcn.vcn"
          ]
        }
      ]
    },
    {
      "module": "module.prod_subnets",
      "mode": "managed",
      "type": "oci_core_subnet",
      "name": "subnet_database",
      "provider": "provider.oci",
      "instances": [
        {
          "schema_version": 0,
          "attributes": {
            "availability_domain": null,
            "cidr_block": "10.0.2.0/24",
            "compartment_id": "ocid1.compartment.oc1..aaaaaaaaxrrlmrzawl3yuv33qlr4ffoom6hyq6fjlaa7jgzu7wh5uklctmga",
            "defined_tags": {
              "Oracle-Tags.CreatedBy": "oracleidentitycloudservice/rocio.salguero@oracle.com",
              "Oracle-Tags.CreatedOn": "2020-04-13T01:00:19.024Z"
            },
            "dhcp_options_id": "ocid1.dhcpoptions.oc1.iad.aaaaaaaa6aogvuh5xm2l6augrle3azpuikbb4bjskwfqvlgutbl6momavaya",
            "display_name": "prod-subnet-database",
            "dns_label": null,
            "freeform_tags": {},
            "id": "ocid1.subnet.oc1.iad.aaaaaaaaabuvi4b7odkbz4ti3wintmvrkqmiwpdrphzezt5hk47o7yfney5a",
            "ipv6cidr_block": null,
            "ipv6public_cidr_block": null,
            "ipv6virtual_router_ip": null,
            "prohibit_public_ip_on_vnic": false,
            "route_table_id": "ocid1.routetable.oc1.iad.aaaaaaaac7gagiyzngy4pagqb3e4iwrzjwaipmebzr4fuz7sdkmkpscryt7a",
            "security_list_ids": [
              "ocid1.securitylist.oc1.iad.aaaaaaaaz6wch6ojlqphlnbuxmsi47b4ynwnn4m7itfe552bpspnsmikceia"
            ],
            "state": "AVAILABLE",
            "subnet_domain_name": null,
            "time_created": "2020-04-13 01:00:19.17 +0000 UTC",
            "timeouts": null,
            "vcn_id": "ocid1.vcn.oc1.iad.amaaaaaals5dbnyaibdgnux5r5wy5oikrjrkd2gihjnj3oewvom4efzm4icq",
            "virtual_router_ip": "10.0.2.1",
            "virtual_router_mac": "00:00:17:B1:C5:98"
          },
          "private": "eyJlMmJmYjczMC1lY2FhLTExZTYtOGY4OC0zNDM2M2JjN2M0YzAiOnsiY3JlYXRlIjo5MDAwMDAwMDAwMDAsImRlbGV0ZSI6OTAwMDAwMDAwMDAwLCJ1cGRhdGUiOjkwMDAwMDAwMDAwMH19",
          "dependencies": [
            "module.prod_compartment.oci_identity_compartment.TFcompartment",
            "module.prod_subnets.oci_core_security_list.private_security_list",
            "module.vcn.oci_core_nat_gateway.nat_gateway",
            "module.vcn.oci_core_route_table.rt_private",
            "module.vcn.oci_core_service_gateway.service_gateway",
            "module.vcn.oci_core_vcn.vcn"
          ]
        }
      ]
    },
    {
      "module": "module.nonprod_subnets",
      "mode": "managed",
      "type": "oci_core_subnet",
      "name": "subnet_private",
      "provider": "provider.oci",
      "instances": [
        {
          "schema_version": 0,
          "attributes": {
            "availability_domain": null,
            "cidr_block": "10.0.4.0/24",
            "compartment_id": "ocid1.compartment.oc1..aaaaaaaaghioquc5xxmd7e5qdw2gxxypxzrhhg7m3cejtawpgx5hbre3upka",
            "defined_tags": {
              "Oracle-Tags.CreatedBy": "oracleidentitycloudservice/rocio.salguero@oracle.com",
              "Oracle-Tags.CreatedOn": "2020-04-13T01:00:18.975Z"
            },
            "dhcp_options_id": "ocid1.dhcpoptions.oc1.iad.aaaaaaaa6aogvuh5xm2l6augrle3azpuikbb4bjskwfqvlgutbl6momavaya",
            "display_name": "dev-subnet-private",
            "dns_label": null,
            "freeform_tags": {},
            "id": "ocid1.subnet.oc1.iad.aaaaaaaabit6xqvi2agdfekv22gutlyhhb3ghip4mkl7h6rqk3h5nk2mvleq",
            "ipv6cidr_block": null,
            "ipv6public_cidr_block": null,
            "ipv6virtual_router_ip": null,
            "prohibit_public_ip_on_vnic": false,
            "route_table_id": "ocid1.routetable.oc1.iad.aaaaaaaac7gagiyzngy4pagqb3e4iwrzjwaipmebzr4fuz7sdkmkpscryt7a",
            "security_list_ids": [
              "ocid1.securitylist.oc1.iad.aaaaaaaauxmaw5kzs33zlf54atolnkfnkixn7m3z7umaauuo4vakvmzyc27a"
            ],
            "state": "AVAILABLE",
            "subnet_domain_name": null,
            "time_created": "2020-04-13 01:00:19.705 +0000 UTC",
            "timeouts": null,
            "vcn_id": "ocid1.vcn.oc1.iad.amaaaaaals5dbnyaibdgnux5r5wy5oikrjrkd2gihjnj3oewvom4efzm4icq",
            "virtual_router_ip": "10.0.4.1",
            "virtual_router_mac": "00:00:17:B1:C5:98"
          },
          "private": "eyJlMmJmYjczMC1lY2FhLTExZTYtOGY4OC0zNDM2M2JjN2M0YzAiOnsiY3JlYXRlIjo5MDAwMDAwMDAwMDAsImRlbGV0ZSI6OTAwMDAwMDAwMDAwLCJ1cGRhdGUiOjkwMDAwMDAwMDAwMH19",
          "dependencies": [
            "module.nonprod_compartment.oci_identity_compartment.TFcompartment",
            "module.nonprod_subnets.oci_core_security_list.private_security_list",
            "module.prod_compartment.oci_identity_compartment.TFcompartment",
            "module.vcn.oci_core_nat_gateway.nat_gateway",
            "module.vcn.oci_core_route_table.rt_private",
            "module.vcn.oci_core_service_gateway.service_gateway",
            "module.vcn.oci_core_vcn.vcn"
          ]
        }
      ]
    },
    {
      "module": "module.prod_subnets",
      "mode": "managed",
      "type": "oci_core_subnet",
      "name": "subnet_private",
      "provider": "provider.oci",
      "instances": [
        {
          "schema_version": 0,
          "attributes": {
            "availability_domain": null,
            "cidr_block": "10.0.1.0/24",
            "compartment_id": "ocid1.compartment.oc1..aaaaaaaaxrrlmrzawl3yuv33qlr4ffoom6hyq6fjlaa7jgzu7wh5uklctmga",
            "defined_tags": {
              "Oracle-Tags.CreatedBy": "oracleidentitycloudservice/rocio.salguero@oracle.com",
              "Oracle-Tags.CreatedOn": "2020-04-13T01:00:19.227Z"
            },
            "dhcp_options_id": "ocid1.dhcpoptions.oc1.iad.aaaaaaaa6aogvuh5xm2l6augrle3azpuikbb4bjskwfqvlgutbl6momavaya",
            "display_name": "prod-subnet-private",
            "dns_label": null,
            "freeform_tags": {},
            "id": "ocid1.subnet.oc1.iad.aaaaaaaaoe5cfzhpl2xlsqxy5fiieark6kmtbmturtngpjybs625djyhpl7q",
            "ipv6cidr_block": null,
            "ipv6public_cidr_block": null,
            "ipv6virtual_router_ip": null,
            "prohibit_public_ip_on_vnic": false,
            "route_table_id": "ocid1.routetable.oc1.iad.aaaaaaaac7gagiyzngy4pagqb3e4iwrzjwaipmebzr4fuz7sdkmkpscryt7a",
            "security_list_ids": [
              "ocid1.securitylist.oc1.iad.aaaaaaaaz6wch6ojlqphlnbuxmsi47b4ynwnn4m7itfe552bpspnsmikceia"
            ],
            "state": "AVAILABLE",
            "subnet_domain_name": null,
            "time_created": "2020-04-13 01:00:19.309 +0000 UTC",
            "timeouts": null,
            "vcn_id": "ocid1.vcn.oc1.iad.amaaaaaals5dbnyaibdgnux5r5wy5oikrjrkd2gihjnj3oewvom4efzm4icq",
            "virtual_router_ip": "10.0.1.1",
            "virtual_router_mac": "00:00:17:B1:C5:98"
          },
          "private": "eyJlMmJmYjczMC1lY2FhLTExZTYtOGY4OC0zNDM2M2JjN2M0YzAiOnsiY3JlYXRlIjo5MDAwMDAwMDAwMDAsImRlbGV0ZSI6OTAwMDAwMDAwMDAwLCJ1cGRhdGUiOjkwMDAwMDAwMDAwMH19",
          "dependencies": [
            "module.prod_compartment.oci_identity_compartment.TFcompartment",
            "module.prod_subnets.oci_core_security_list.private_security_list",
            "module.vcn.oci_core_nat_gateway.nat_gateway",
            "module.vcn.oci_core_route_table.rt_private",
            "module.vcn.oci_core_service_gateway.service_gateway",
            "module.vcn.oci_core_vcn.vcn"
          ]
        }
      ]
    },
    {
      "module": "module.nonprod_subnets",
      "mode": "managed",
      "type": "oci_core_subnet",
      "name": "subnet_public",
      "provider": "provider.oci",
      "instances": [
        {
          "schema_version": 0,
          "attributes": {
            "availability_domain": null,
            "cidr_block": "10.0.3.0/24",
            "compartment_id": "ocid1.compartment.oc1..aaaaaaaaghioquc5xxmd7e5qdw2gxxypxzrhhg7m3cejtawpgx5hbre3upka",
            "defined_tags": {
              "Oracle-Tags.CreatedBy": "oracleidentitycloudservice/rocio.salguero@oracle.com",
              "Oracle-Tags.CreatedOn": "2020-04-13T01:00:15.987Z"
            },
            "dhcp_options_id": "ocid1.dhcpoptions.oc1.iad.aaaaaaaa6aogvuh5xm2l6augrle3azpuikbb4bjskwfqvlgutbl6momavaya",
            "display_name": "dev-subnet-public",
            "dns_label": null,
            "freeform_tags": {},
            "id": "ocid1.subnet.oc1.iad.aaaaaaaafqyad4onxf34qwsuscxsslrrrpyojk5qcszbgp53of6mr45gvy3a",
            "ipv6cidr_block": null,
            "ipv6public_cidr_block": null,
            "ipv6virtual_router_ip": null,
            "prohibit_public_ip_on_vnic": false,
            "route_table_id": "ocid1.routetable.oc1.iad.aaaaaaaaq3szxdq7tc7ij6mwen7d6y77alfvvhounlxr36ivu2reaoze7yiq",
            "security_list_ids": [
              "ocid1.securitylist.oc1.iad.aaaaaaaawtc6j35j3nwnsilb4rltygwizolqsovzgroirnf7ztlu35vzwwzq"
            ],
            "state": "AVAILABLE",
            "subnet_domain_name": null,
            "time_created": "2020-04-13 01:00:16.017 +0000 UTC",
            "timeouts": null,
            "vcn_id": "ocid1.vcn.oc1.iad.amaaaaaals5dbnyaibdgnux5r5wy5oikrjrkd2gihjnj3oewvom4efzm4icq",
            "virtual_router_ip": "10.0.3.1",
            "virtual_router_mac": "00:00:17:B1:C5:98"
          },
          "private": "eyJlMmJmYjczMC1lY2FhLTExZTYtOGY4OC0zNDM2M2JjN2M0YzAiOnsiY3JlYXRlIjo5MDAwMDAwMDAwMDAsImRlbGV0ZSI6OTAwMDAwMDAwMDAwLCJ1cGRhdGUiOjkwMDAwMDAwMDAwMH19",
          "dependencies": [
            "module.nonprod_compartment.oci_identity_compartment.TFcompartment",
            "module.nonprod_subnets.oci_core_security_list.public_security_list",
            "module.prod_compartment.oci_identity_compartment.TFcompartment",
            "module.vcn.oci_core_internet_gateway.internet_gateway",
            "module.vcn.oci_core_route_table.rt_public",
            "module.vcn.oci_core_vcn.vcn"
          ]
        }
      ]
    },
    {
      "module": "module.prod_subnets",
      "mode": "managed",
      "type": "oci_core_subnet",
      "name": "subnet_public",
      "provider": "provider.oci",
      "instances": [
        {
          "schema_version": 0,
          "attributes": {
            "availability_domain": null,
            "cidr_block": "10.0.0.0/24",
            "compartment_id": "ocid1.compartment.oc1..aaaaaaaaxrrlmrzawl3yuv33qlr4ffoom6hyq6fjlaa7jgzu7wh5uklctmga",
            "defined_tags": {
              "Oracle-Tags.CreatedBy": "oracleidentitycloudservice/rocio.salguero@oracle.com",
              "Oracle-Tags.CreatedOn": "2020-04-13T01:00:15.991Z"
            },
            "dhcp_options_id": "ocid1.dhcpoptions.oc1.iad.aaaaaaaa6aogvuh5xm2l6augrle3azpuikbb4bjskwfqvlgutbl6momavaya",
            "display_name": "prod-subnet-public",
            "dns_label": null,
            "freeform_tags": {},
            "id": "ocid1.subnet.oc1.iad.aaaaaaaar33o3izmggiti2exbjsuj3z6ddygtoadtov2pvheyfusm2ym55oa",
            "ipv6cidr_block": null,
            "ipv6public_cidr_block": null,
            "ipv6virtual_router_ip": null,
            "prohibit_public_ip_on_vnic": false,
            "route_table_id": "ocid1.routetable.oc1.iad.aaaaaaaaq3szxdq7tc7ij6mwen7d6y77alfvvhounlxr36ivu2reaoze7yiq",
            "security_list_ids": [
              "ocid1.securitylist.oc1.iad.aaaaaaaazteieony3w2cjscjgyhlmwgsju4yqrurdipndiwssabnddz2mnmq"
            ],
            "state": "AVAILABLE",
            "subnet_domain_name": null,
            "time_created": "2020-04-13 01:00:16.301 +0000 UTC",
            "timeouts": null,
            "vcn_id": "ocid1.vcn.oc1.iad.amaaaaaals5dbnyaibdgnux5r5wy5oikrjrkd2gihjnj3oewvom4efzm4icq",
            "virtual_router_ip": "10.0.0.1",
            "virtual_router_mac": "00:00:17:B1:C5:98"
          },
          "private": "eyJlMmJmYjczMC1lY2FhLTExZTYtOGY4OC0zNDM2M2JjN2M0YzAiOnsiY3JlYXRlIjo5MDAwMDAwMDAwMDAsImRlbGV0ZSI6OTAwMDAwMDAwMDAwLCJ1cGRhdGUiOjkwMDAwMDAwMDAwMH19",
          "dependencies": [
            "module.prod_compartment.oci_identity_compartment.TFcompartment",
            "module.prod_subnets.oci_core_security_list.public_security_list",
            "module.vcn.oci_core_internet_gateway.internet_gateway",
            "module.vcn.oci_core_route_table.rt_public",
            "module.vcn.oci_core_vcn.vcn"
          ]
        }
      ]
    },
    {
      "module": "module.vcn",
      "mode": "managed",
      "type": "oci_core_vcn",
      "name": "vcn",
      "provider": "provider.oci",
      "instances": [
        {
          "schema_version": 0,
          "attributes": {
            "cidr_block": "10.0.0.0/16",
            "compartment_id": "ocid1.compartment.oc1..aaaaaaaaxrrlmrzawl3yuv33qlr4ffoom6hyq6fjlaa7jgzu7wh5uklctmga",
            "default_dhcp_options_id": "ocid1.dhcpoptions.oc1.iad.aaaaaaaa6aogvuh5xm2l6augrle3azpuikbb4bjskwfqvlgutbl6momavaya",
            "default_route_table_id": "ocid1.routetable.oc1.iad.aaaaaaaajdoheh37b26defmnutmjwzvc5nqg3xjyfdahhel2iilymwsc6c2a",
            "default_security_list_id": "ocid1.securitylist.oc1.iad.aaaaaaaauj7wq6ctvloy2rldggxrsxyrcckusciqaejcmnfdikiqdogxyrrq",
            "defined_tags": {
              "Oracle-Tags.CreatedBy": "oracleidentitycloudservice/rocio.salguero@oracle.com",
              "Oracle-Tags.CreatedOn": "2020-04-13T01:00:14.450Z"
            },
            "display_name": "main_VCN",
            "dns_label": "mainvcn",
            "freeform_tags": {},
            "id": "ocid1.vcn.oc1.iad.amaaaaaals5dbnyaibdgnux5r5wy5oikrjrkd2gihjnj3oewvom4efzm4icq",
            "ipv6cidr_block": null,
            "ipv6public_cidr_block": null,
            "is_ipv6enabled": null,
            "state": "AVAILABLE",
            "time_created": "2020-04-13 01:00:14.453 +0000 UTC",
            "timeouts": null,
            "vcn_domain_name": "mainvcn.oraclevcn.com"
          },
          "private": "eyJlMmJmYjczMC1lY2FhLTExZTYtOGY4OC0zNDM2M2JjN2M0YzAiOnsiY3JlYXRlIjo5MDAwMDAwMDAwMDAsImRlbGV0ZSI6OTAwMDAwMDAwMDAwLCJ1cGRhdGUiOjkwMDAwMDAwMDAwMH19",
          "dependencies": [
            "module.prod_compartment.oci_identity_compartment.TFcompartment"
          ]
        }
      ]
    },
    {
      "module": "module.file_storage_prod",
      "mode": "managed",
      "type": "oci_file_storage_export",
      "name": "TFexport",
      "provider": "provider.oci",
      "instances": [
        {
          "schema_version": 0,
          "attributes": {
            "export_options": [
              {
                "access": "READ_WRITE",
                "anonymous_gid": "65534",
                "anonymous_uid": "65534",
                "identity_squash": "NONE",
                "require_privileged_source_port": false,
                "source": "0.0.0.0/0"
              }
            ],
            "export_set_id": "ocid1.exportset.oc1.iad.aaaaaby27ve6j75snfqwillqojxwiotjmfsc2ylefuyqaaaa",
            "file_system_id": "ocid1.filesystem.oc1.iad.aaaaaaaaaaah4mhdnfqwillqojxwiotjmfsc2ylefuyqaaaa",
            "id": "ocid1.export.oc1.iad.aaaaaa4np2sr47fznfqwillqojxwiotjmfsc2ylefuyqaaaa",
            "path": "/SBoxFS",
            "state": "ACTIVE",
            "time_created": "2020-04-13 01:00:41.025 +0000 UTC",
            "timeouts": null
          },
          "private": "eyJlMmJmYjczMC1lY2FhLTExZTYtOGY4OC0zNDM2M2JjN2M0YzAiOnsiY3JlYXRlIjo5MDAwMDAwMDAwMDAsImRlbGV0ZSI6OTAwMDAwMDAwMDAwLCJ1cGRhdGUiOjkwMDAwMDAwMDAwMH19",
          "dependencies": [
            "module.file_storage_prod.oci_file_storage_export_set.TFexport_set",
            "module.file_storage_prod.oci_file_storage_file_system.TFfile_system",
            "module.file_storage_prod.oci_file_storage_mount_target.TFmount_target",
            "module.prod_compartment.oci_identity_compartment.TFcompartment",
            "module.prod_subnets.oci_core_security_list.private_security_list",
            "module.prod_subnets.oci_core_subnet.subnet_private",
            "module.vcn.oci_core_nat_gateway.nat_gateway",
            "module.vcn.oci_core_route_table.rt_private",
            "module.vcn.oci_core_service_gateway.service_gateway",
            "module.vcn.oci_core_vcn.vcn"
          ]
        }
      ]
    },
    {
      "module": "module.file_storage_prod",
      "mode": "managed",
      "type": "oci_file_storage_export_set",
      "name": "TFexport_set",
      "provider": "provider.oci",
      "instances": [
        {
          "schema_version": 0,
          "attributes": {
            "availability_domain": "HOKa:US-ASHBURN-AD-2",
            "compartment_id": "ocid1.compartment.oc1..aaaaaaaaxrrlmrzawl3yuv33qlr4ffoom6hyq6fjlaa7jgzu7wh5uklctmga",
            "display_name": "MTScriptsServer - export set",
            "id": "ocid1.exportset.oc1.iad.aaaaaby27ve6j75snfqwillqojxwiotjmfsc2ylefuyqaaaa",
            "max_fs_stat_bytes": "9223372036854775807",
            "max_fs_stat_files": "9223372036854775807",
            "mount_target_id": "ocid1.mounttarget.oc1.iad.aaaaaby27ve6j75tnfqwillqojxwiotjmfsc2ylefuyqaaaa",
            "state": "ACTIVE",
            "time_created": "2020-04-13 01:00:20.642 +0000 UTC",
            "timeouts": null,
            "vcn_id": "ocid1.vcn.oc1.iad.amaaaaaals5dbnyaibdgnux5r5wy5oikrjrkd2gihjnj3oewvom4efzm4icq"
          },
          "private": "eyJlMmJmYjczMC1lY2FhLTExZTYtOGY4OC0zNDM2M2JjN2M0YzAiOnsiY3JlYXRlIjo5MDAwMDAwMDAwMDAsImRlbGV0ZSI6OTAwMDAwMDAwMDAwLCJ1cGRhdGUiOjkwMDAwMDAwMDAwMH19",
          "dependencies": [
            "module.file_storage_prod.oci_file_storage_mount_target.TFmount_target",
            "module.prod_compartment.oci_identity_compartment.TFcompartment",
            "module.prod_subnets.oci_core_security_list.private_security_list",
            "module.prod_subnets.oci_core_subnet.subnet_private",
            "module.vcn.oci_core_nat_gateway.nat_gateway",
            "module.vcn.oci_core_route_table.rt_private",
            "module.vcn.oci_core_service_gateway.service_gateway",
            "module.vcn.oci_core_vcn.vcn"
          ]
        }
      ]
    },
    {
      "module": "module.file_storage_prod",
      "mode": "managed",
      "type": "oci_file_storage_file_system",
      "name": "TFfile_system",
      "provider": "provider.oci",
      "instances": [
        {
          "schema_version": 0,
          "attributes": {
            "availability_domain": "HOKa:US-ASHBURN-AD-2",
            "compartment_id": "ocid1.compartment.oc1..aaaaaaaaxrrlmrzawl3yuv33qlr4ffoom6hyq6fjlaa7jgzu7wh5uklctmga",
            "defined_tags": {
              "Oracle-Tags.CreatedBy": "oracleidentitycloudservice/rocio.salguero@oracle.com",
              "Oracle-Tags.CreatedOn": "2020-04-13T01:00:15.232Z"
            },
            "display_name": "SBoxFS",
            "freeform_tags": {},
            "id": "ocid1.filesystem.oc1.iad.aaaaaaaaaaah4mhdnfqwillqojxwiotjmfsc2ylefuyqaaaa",
            "kms_key_id": "",
            "metered_bytes": "0",
            "state": "ACTIVE",
            "time_created": "2020-04-13 01:00:15.235 +0000 UTC",
            "timeouts": null
          },
          "private": "eyJlMmJmYjczMC1lY2FhLTExZTYtOGY4OC0zNDM2M2JjN2M0YzAiOnsiY3JlYXRlIjo5MDAwMDAwMDAwMDAsImRlbGV0ZSI6OTAwMDAwMDAwMDAwLCJ1cGRhdGUiOjkwMDAwMDAwMDAwMH19",
          "dependencies": [
            "module.prod_compartment.oci_identity_compartment.TFcompartment"
          ]
        }
      ]
    },
    {
      "module": "module.file_storage_prod",
      "mode": "managed",
      "type": "oci_file_storage_mount_target",
      "name": "TFmount_target",
      "provider": "provider.oci",
      "instances": [
        {
          "schema_version": 0,
          "attributes": {
            "availability_domain": "HOKa:US-ASHBURN-AD-2",
            "compartment_id": "ocid1.compartment.oc1..aaaaaaaaxrrlmrzawl3yuv33qlr4ffoom6hyq6fjlaa7jgzu7wh5uklctmga",
            "defined_tags": {
              "Oracle-Tags.CreatedBy": "oracleidentitycloudservice/rocio.salguero@oracle.com",
              "Oracle-Tags.CreatedOn": "2020-04-13T01:00:20.590Z"
            },
            "display_name": "MTScriptsServer",
            "export_set_id": "ocid1.exportset.oc1.iad.aaaaaby27ve6j75snfqwillqojxwiotjmfsc2ylefuyqaaaa",
            "freeform_tags": {},
            "hostname_label": null,
            "id": "ocid1.mounttarget.oc1.iad.aaaaaby27ve6j75tnfqwillqojxwiotjmfsc2ylefuyqaaaa",
            "ip_address": null,
            "lifecycle_details": "",
            "nsg_ids": [],
            "private_ip_ids": [
              "ocid1.privateip.oc1.iad.aaaaaaaapdqqq5pvktdhuwdfk3gob2qjbgcrv2t3gawilbiri3q54vyldzha"
            ],
            "state": "ACTIVE",
            "subnet_id": "ocid1.subnet.oc1.iad.aaaaaaaaoe5cfzhpl2xlsqxy5fiieark6kmtbmturtngpjybs625djyhpl7q",
            "time_created": "2020-04-13 01:00:20.642 +0000 UTC",
            "timeouts": null
          },
          "private": "eyJlMmJmYjczMC1lY2FhLTExZTYtOGY4OC0zNDM2M2JjN2M0YzAiOnsiY3JlYXRlIjo5MDAwMDAwMDAwMDAsImRlbGV0ZSI6OTAwMDAwMDAwMDAwLCJ1cGRhdGUiOjkwMDAwMDAwMDAwMH19",
          "dependencies": [
            "module.prod_compartment.oci_identity_compartment.TFcompartment",
            "module.prod_subnets.oci_core_security_list.private_security_list",
            "module.prod_subnets.oci_core_subnet.subnet_private",
            "module.vcn.oci_core_nat_gateway.nat_gateway",
            "module.vcn.oci_core_route_table.rt_private",
            "module.vcn.oci_core_service_gateway.service_gateway",
            "module.vcn.oci_core_vcn.vcn"
          ]
        }
      ]
    },
    {
      "module": "module.nonprod_compartment",
      "mode": "managed",
      "type": "oci_identity_compartment",
      "name": "TFcompartment",
      "provider": "provider.oci",
      "instances": [
        {
          "schema_version": 0,
          "attributes": {
            "compartment_id": "ocid1.tenancy.oc1..aaaaaaaa5v6kqa37sa7pebgogux7r4kdbccr2fajict27k2qxm4el3jtaheq",
            "defined_tags": {
              "Oracle-Tags.CreatedBy": "oracleidentitycloudservice/rocio.salguero@oracle.com",
              "Oracle-Tags.CreatedOn": "2020-04-10T19:17:49.648Z"
            },
            "description": "Compartment for Non-Production / Test",
            "enable_delete": false,
            "freeform_tags": {},
            "id": "ocid1.compartment.oc1..aaaaaaaaghioquc5xxmd7e5qdw2gxxypxzrhhg7m3cejtawpgx5hbre3upka",
            "inactive_state": null,
            "is_accessible": true,
            "name": "Development",
            "state": "ACTIVE",
            "time_created": "2020-04-10 19:17:50.09 +0000 UTC",
            "timeouts": null
          },
          "private": "eyJlMmJmYjczMC1lY2FhLTExZTYtOGY4OC0zNDM2M2JjN2M0YzAiOnsiZGVsZXRlIjo1NDAwMDAwMDAwMDAwfX0="
        }
      ]
    },
    {
      "module": "module.prod_compartment",
      "mode": "managed",
      "type": "oci_identity_compartment",
      "name": "TFcompartment",
      "provider": "provider.oci",
      "instances": [
        {
          "schema_version": 0,
          "attributes": {
            "compartment_id": "ocid1.tenancy.oc1..aaaaaaaa5v6kqa37sa7pebgogux7r4kdbccr2fajict27k2qxm4el3jtaheq",
            "defined_tags": {
              "Oracle-Tags.CreatedBy": "oracleidentitycloudservice/rocio.salguero@oracle.com",
              "Oracle-Tags.CreatedOn": "2020-04-10T19:17:49.643Z"
            },
            "description": "Compartment for production.",
            "enable_delete": false,
            "freeform_tags": {},
            "id": "ocid1.compartment.oc1..aaaaaaaaxrrlmrzawl3yuv33qlr4ffoom6hyq6fjlaa7jgzu7wh5uklctmga",
            "inactive_state": null,
            "is_accessible": true,
            "name": "production",
            "state": "ACTIVE",
            "time_created": "2020-04-10 19:17:49.806 +0000 UTC",
            "timeouts": null
          },
          "private": "eyJlMmJmYjczMC1lY2FhLTExZTYtOGY4OC0zNDM2M2JjN2M0YzAiOnsiZGVsZXRlIjo1NDAwMDAwMDAwMDAwfX0="
        }
      ]
    },
    {
      "module": "module.object_storage_prod",
      "mode": "managed",
      "type": "oci_objectstorage_bucket",
      "name": "TFbucket",
      "provider": "provider.oci",
      "instances": [
        {
          "schema_version": 0,
          "attributes": {
            "access_type": "NoPublicAccess",
            "approximate_count": "0",
            "approximate_size": "0",
            "bucket_id": "ocid1.bucket.oc1.iad.aaaaaaaamvabnx7d2qgfup52ifg4e4abb5yqdah2nfkc37dw2brkg3hibxza",
            "compartment_id": "ocid1.compartment.oc1..aaaaaaaaxrrlmrzawl3yuv33qlr4ffoom6hyq6fjlaa7jgzu7wh5uklctmga",
            "created_by": "ocid1.user.oc1..aaaaaaaaykpefy7nrzl5v65nbylwca5okk2zmd5knwc74yvmdusalqxay55a",
            "defined_tags": {
              "Oracle-Tags.CreatedBy": "oracleidentitycloudservice/rocio.salguero@oracle.com",
              "Oracle-Tags.CreatedOn": "2020-04-13T01:00:14.768Z"
            },
            "etag": "1800729a-bf59-4223-9dd5-10e92e831851",
            "freeform_tags": {},
            "id": "n/iddj5iyoec25/b/Prod_ObjStr",
            "is_read_only": false,
            "kms_key_id": null,
            "metadata": {},
            "name": "Prod_ObjStr",
            "namespace": "iddj5iyoec25",
            "object_events_enabled": false,
            "object_lifecycle_policy_etag": null,
            "replication_enabled": false,
            "retention_rules": [],
            "storage_tier": "Standard",
            "time_created": "2020-04-13 01:00:14.778 +0000 UTC",
            "timeouts": null
          },
          "private": "eyJlMmJmYjczMC1lY2FhLTExZTYtOGY4OC0zNDM2M2JjN2M0YzAiOnsiY3JlYXRlIjo5MDAwMDAwMDAwMDAsImRlbGV0ZSI6OTAwMDAwMDAwMDAwLCJ1cGRhdGUiOjkwMDAwMDAwMDAwMH19",
          "dependencies": [
            "module.prod_compartment.oci_identity_compartment.TFcompartment"
          ]
        }
      ]
    }
  ]
}
